
Microsoft Visual Studio Solution File, Format Version 12.00
# Visual Studio 14
VisualStudioVersion = 14.0.25420.1
MinimumVisualStudioVersion = 10.0.40219.1
Project("{FAE04EC0-301F-11D3-BF4B-00C04F79EFBC}") = "Int_Max_3", "Int_Max_3\Int_Max_3.csproj", "{94152A97-C227-4931-9C8C-1FCA26C4AC43}"
EndProject
Project("{FAE04EC0-301F-11D3-BF4B-00C04F79EFBC}") = "StartUp", "StartUp\StartUp.csproj", "{7406799B-D607-40EB-8CEA-D1AFC034F469}"
EndProject
Project("{FAE04EC0-301F-11D3-BF4B-00C04F79EFBC}") = "Int_Max_3_Messages", "Int_Max_3_Messages\Int_Max_3_Messages.csproj", "{B5DA4517-6343-4FAC-BF91-26366AEE2BA2}"
EndProject
Project("{FAE04EC0-301F-11D3-BF4B-00C04F79EFBC}") = "Int_Max_3_Tests", "Int_Max_3_Tests\Int_Max_3_Tests.csproj", "{65F4757F-DECE-4339-847E-F062D95C1521}"
EndProject
Global
	GlobalSection(SolutionConfigurationPlatforms) = preSolution
		Debug|Any CPU = Debug|Any CPU
		Release|Any CPU = Release|Any CPU
	EndGlobalSection
	GlobalSection(ProjectConfigurationPlatforms) = postSolution
		{94152A97-C227-4931-9C8C-1FCA26C4AC43}.Debug|Any CPU.ActiveCfg = Debug|Any CPU
		{94152A97-C227-4931-9C8C-1FCA26C4AC43}.Debug|Any CPU.Build.0 = Debug|Any CPU
		{94152A97-C227-4931-9C8C-1FCA26C4AC43}.Release|Any CPU.ActiveCfg = Release|Any CPU
		{94152A97-C227-4931-9C8C-1FCA26C4AC43}.Release|Any CPU.Build.0 = Release|Any CPU
		{7406799B-D607-40EB-8CEA-D1AFC034F469}.Debug|Any CPU.ActiveCfg = Debug|Any CPU
		{7406799B-D607-40EB-8CEA-D1AFC034F469}.Debug|Any CPU.Build.0 = Debug|Any CPU
		{7406799B-D607-40EB-8CEA-D1AFC034F469}.Release|Any CPU.ActiveCfg = Release|Any CPU
		{7406799B-D607-40EB-8CEA-D1AFC034F469}.Release|Any CPU.Build.0 = Release|Any CPU
		{B5DA4517-6343-4FAC-BF91-26366AEE2BA2}.Debug|Any CPU.ActiveCfg = Debug|Any CPU
		{B5DA4517-6343-4FAC-BF91-26366AEE2BA2}.Debug|Any CPU.Build.0 = Debug|Any CPU
		{B5DA4517-6343-4FAC-BF91-26366AEE2BA2}.Release|Any CPU.ActiveCfg = Release|Any CPU
		{B5DA4517-6343-4FAC-BF91-26366AEE2BA2}.Release|Any CPU.Build.0 = Release|Any CPU
		{65F4757F-DECE-4339-847E-F062D95C1521}.Debug|Any CPU.ActiveCfg = Debug|Any CPU
		{65F4757F-DECE-4339-847E-F062D95C1521}.Debug|Any CPU.Build.0 = Debug|Any CPU
		{65F4757F-DECE-4339-847E-F062D95C1521}.Release|Any CPU.ActiveCfg = Release|Any CPU
		{65F4757F-DECE-4339-847E-F062D95C1521}.Release|Any CPU.Build.0 = Release|Any CPU
	EndGlobalSection
	GlobalSection(SolutionProperties) = preSolution
		HideSolutionNode = FALSE
	EndGlobalSection
EndGlobal
