
Microsoft Visual Studio Solution File, Format Version 12.00
# Visual Studio 14
VisualStudioVersion = 14.0.25420.1
MinimumVisualStudioVersion = 10.0.40219.1
Project("{FAE04EC0-301F-11D3-BF4B-00C04F79EFBC}") = "Concatenate_Strings", "Concatenate_Strings\Concatenate_Strings.csproj", "{634DEC64-E314-499E-8438-A07A8BB5A227}"
EndProject
Project("{FAE04EC0-301F-11D3-BF4B-00C04F79EFBC}") = "StartUp", "StartUp\StartUp.csproj", "{6ABFC423-43DC-4F1D-891D-6C727538A4DE}"
EndProject
Project("{FAE04EC0-301F-11D3-BF4B-00C04F79EFBC}") = "Concatenate_Strings_Messages", "Concatenate_Strings_Messages\Concatenate_Strings_Messages.csproj", "{DAB61FDC-3407-499D-81FC-D40A695ED496}"
EndProject
Project("{FAE04EC0-301F-11D3-BF4B-00C04F79EFBC}") = "Concatenate_Strings_Tests", "Concatenate_Strings_Tests\Concatenate_Strings_Tests.csproj", "{CDD53FE1-0DEF-42DD-9F61-7DF7051A8570}"
EndProject
Global
	GlobalSection(SolutionConfigurationPlatforms) = preSolution
		Debug|Any CPU = Debug|Any CPU
		Release|Any CPU = Release|Any CPU
	EndGlobalSection
	GlobalSection(ProjectConfigurationPlatforms) = postSolution
		{634DEC64-E314-499E-8438-A07A8BB5A227}.Debug|Any CPU.ActiveCfg = Debug|Any CPU
		{634DEC64-E314-499E-8438-A07A8BB5A227}.Debug|Any CPU.Build.0 = Debug|Any CPU
		{634DEC64-E314-499E-8438-A07A8BB5A227}.Release|Any CPU.ActiveCfg = Release|Any CPU
		{634DEC64-E314-499E-8438-A07A8BB5A227}.Release|Any CPU.Build.0 = Release|Any CPU
		{6ABFC423-43DC-4F1D-891D-6C727538A4DE}.Debug|Any CPU.ActiveCfg = Debug|Any CPU
		{6ABFC423-43DC-4F1D-891D-6C727538A4DE}.Debug|Any CPU.Build.0 = Debug|Any CPU
		{6ABFC423-43DC-4F1D-891D-6C727538A4DE}.Release|Any CPU.ActiveCfg = Release|Any CPU
		{6ABFC423-43DC-4F1D-891D-6C727538A4DE}.Release|Any CPU.Build.0 = Release|Any CPU
		{DAB61FDC-3407-499D-81FC-D40A695ED496}.Debug|Any CPU.ActiveCfg = Debug|Any CPU
		{DAB61FDC-3407-499D-81FC-D40A695ED496}.Debug|Any CPU.Build.0 = Debug|Any CPU
		{DAB61FDC-3407-499D-81FC-D40A695ED496}.Release|Any CPU.ActiveCfg = Release|Any CPU
		{DAB61FDC-3407-499D-81FC-D40A695ED496}.Release|Any CPU.Build.0 = Release|Any CPU
		{CDD53FE1-0DEF-42DD-9F61-7DF7051A8570}.Debug|Any CPU.ActiveCfg = Debug|Any CPU
		{CDD53FE1-0DEF-42DD-9F61-7DF7051A8570}.Debug|Any CPU.Build.0 = Debug|Any CPU
		{CDD53FE1-0DEF-42DD-9F61-7DF7051A8570}.Release|Any CPU.ActiveCfg = Release|Any CPU
		{CDD53FE1-0DEF-42DD-9F61-7DF7051A8570}.Release|Any CPU.Build.0 = Release|Any CPU
	EndGlobalSection
	GlobalSection(SolutionProperties) = preSolution
		HideSolutionNode = FALSE
	EndGlobalSection
EndGlobal
