
Microsoft Visual Studio Solution File, Format Version 12.00
# Visual Studio 14
VisualStudioVersion = 14.0.25420.1
MinimumVisualStudioVersion = 10.0.40219.1
Project("{FAE04EC0-301F-11D3-BF4B-00C04F79EFBC}") = "Reverse_A_Number", "Reverse_A_Number\Reverse_A_Number.csproj", "{F6F17A2E-A884-4110-9EE0-864F622CB5D3}"
EndProject
Project("{FAE04EC0-301F-11D3-BF4B-00C04F79EFBC}") = "StartUp", "StartUp\StartUp.csproj", "{A9E22CDE-E091-4BCD-ACD5-2E8D7C2D9A33}"
EndProject
Project("{FAE04EC0-301F-11D3-BF4B-00C04F79EFBC}") = "Reverse_A_Number_Messages", "Reverse_A_Number_Messages\Reverse_A_Number_Messages.csproj", "{95E922F0-5BED-4C19-8CFA-D0C37324D0BC}"
EndProject
Project("{FAE04EC0-301F-11D3-BF4B-00C04F79EFBC}") = "Reverse_A_Number_Tests", "Reverse_A_Number_Tests\Reverse_A_Number_Tests.csproj", "{F3EAA53C-1376-4BAF-A28C-41A75318B4CC}"
EndProject
Global
	GlobalSection(SolutionConfigurationPlatforms) = preSolution
		Debug|Any CPU = Debug|Any CPU
		Release|Any CPU = Release|Any CPU
	EndGlobalSection
	GlobalSection(ProjectConfigurationPlatforms) = postSolution
		{F6F17A2E-A884-4110-9EE0-864F622CB5D3}.Debug|Any CPU.ActiveCfg = Debug|Any CPU
		{F6F17A2E-A884-4110-9EE0-864F622CB5D3}.Debug|Any CPU.Build.0 = Debug|Any CPU
		{F6F17A2E-A884-4110-9EE0-864F622CB5D3}.Release|Any CPU.ActiveCfg = Release|Any CPU
		{F6F17A2E-A884-4110-9EE0-864F622CB5D3}.Release|Any CPU.Build.0 = Release|Any CPU
		{A9E22CDE-E091-4BCD-ACD5-2E8D7C2D9A33}.Debug|Any CPU.ActiveCfg = Debug|Any CPU
		{A9E22CDE-E091-4BCD-ACD5-2E8D7C2D9A33}.Debug|Any CPU.Build.0 = Debug|Any CPU
		{A9E22CDE-E091-4BCD-ACD5-2E8D7C2D9A33}.Release|Any CPU.ActiveCfg = Release|Any CPU
		{A9E22CDE-E091-4BCD-ACD5-2E8D7C2D9A33}.Release|Any CPU.Build.0 = Release|Any CPU
		{95E922F0-5BED-4C19-8CFA-D0C37324D0BC}.Debug|Any CPU.ActiveCfg = Debug|Any CPU
		{95E922F0-5BED-4C19-8CFA-D0C37324D0BC}.Debug|Any CPU.Build.0 = Debug|Any CPU
		{95E922F0-5BED-4C19-8CFA-D0C37324D0BC}.Release|Any CPU.ActiveCfg = Release|Any CPU
		{95E922F0-5BED-4C19-8CFA-D0C37324D0BC}.Release|Any CPU.Build.0 = Release|Any CPU
		{F3EAA53C-1376-4BAF-A28C-41A75318B4CC}.Debug|Any CPU.ActiveCfg = Debug|Any CPU
		{F3EAA53C-1376-4BAF-A28C-41A75318B4CC}.Debug|Any CPU.Build.0 = Debug|Any CPU
		{F3EAA53C-1376-4BAF-A28C-41A75318B4CC}.Release|Any CPU.ActiveCfg = Release|Any CPU
		{F3EAA53C-1376-4BAF-A28C-41A75318B4CC}.Release|Any CPU.Build.0 = Release|Any CPU
	EndGlobalSection
	GlobalSection(SolutionProperties) = preSolution
		HideSolutionNode = FALSE
	EndGlobalSection
EndGlobal
