
Microsoft Visual Studio Solution File, Format Version 12.00
# Visual Studio 14
VisualStudioVersion = 14.0.25420.1
MinimumVisualStudioVersion = 10.0.40219.1
Project("{FAE04EC0-301F-11D3-BF4B-00C04F79EFBC}") = "Max_10_50", "Max_10_50\Max_10_50.csproj", "{9C78468A-ABD9-4981-8061-3AE44BFD75B6}"
EndProject
Project("{FAE04EC0-301F-11D3-BF4B-00C04F79EFBC}") = "StartUp", "StartUp\StartUp.csproj", "{5EAAC5D7-6657-4755-953C-E4E7BC64C1A5}"
EndProject
Project("{FAE04EC0-301F-11D3-BF4B-00C04F79EFBC}") = "Max_10_50_Messages", "Max_10_50_Messages\Max_10_50_Messages.csproj", "{D67184E2-2423-4289-A1CF-1E3F968512DA}"
EndProject
Project("{FAE04EC0-301F-11D3-BF4B-00C04F79EFBC}") = "Max_10_50_Tests", "Max_10_50_Tests\Max_10_50_Tests.csproj", "{1924B4CC-5451-4D07-9ECF-15954FF5CFC3}"
EndProject
Global
	GlobalSection(SolutionConfigurationPlatforms) = preSolution
		Debug|Any CPU = Debug|Any CPU
		Release|Any CPU = Release|Any CPU
	EndGlobalSection
	GlobalSection(ProjectConfigurationPlatforms) = postSolution
		{9C78468A-ABD9-4981-8061-3AE44BFD75B6}.Debug|Any CPU.ActiveCfg = Debug|Any CPU
		{9C78468A-ABD9-4981-8061-3AE44BFD75B6}.Debug|Any CPU.Build.0 = Debug|Any CPU
		{9C78468A-ABD9-4981-8061-3AE44BFD75B6}.Release|Any CPU.ActiveCfg = Release|Any CPU
		{9C78468A-ABD9-4981-8061-3AE44BFD75B6}.Release|Any CPU.Build.0 = Release|Any CPU
		{5EAAC5D7-6657-4755-953C-E4E7BC64C1A5}.Debug|Any CPU.ActiveCfg = Debug|Any CPU
		{5EAAC5D7-6657-4755-953C-E4E7BC64C1A5}.Debug|Any CPU.Build.0 = Debug|Any CPU
		{5EAAC5D7-6657-4755-953C-E4E7BC64C1A5}.Release|Any CPU.ActiveCfg = Release|Any CPU
		{5EAAC5D7-6657-4755-953C-E4E7BC64C1A5}.Release|Any CPU.Build.0 = Release|Any CPU
		{D67184E2-2423-4289-A1CF-1E3F968512DA}.Debug|Any CPU.ActiveCfg = Debug|Any CPU
		{D67184E2-2423-4289-A1CF-1E3F968512DA}.Debug|Any CPU.Build.0 = Debug|Any CPU
		{D67184E2-2423-4289-A1CF-1E3F968512DA}.Release|Any CPU.ActiveCfg = Release|Any CPU
		{D67184E2-2423-4289-A1CF-1E3F968512DA}.Release|Any CPU.Build.0 = Release|Any CPU
		{1924B4CC-5451-4D07-9ECF-15954FF5CFC3}.Debug|Any CPU.ActiveCfg = Debug|Any CPU
		{1924B4CC-5451-4D07-9ECF-15954FF5CFC3}.Debug|Any CPU.Build.0 = Debug|Any CPU
		{1924B4CC-5451-4D07-9ECF-15954FF5CFC3}.Release|Any CPU.ActiveCfg = Release|Any CPU
		{1924B4CC-5451-4D07-9ECF-15954FF5CFC3}.Release|Any CPU.Build.0 = Release|Any CPU
	EndGlobalSection
	GlobalSection(SolutionProperties) = preSolution
		HideSolutionNode = FALSE
	EndGlobalSection
EndGlobal
