
Microsoft Visual Studio Solution File, Format Version 12.00
# Visual Studio 14
VisualStudioVersion = 14.0.25420.1
MinimumVisualStudioVersion = 10.0.40219.1
Project("{FAE04EC0-301F-11D3-BF4B-00C04F79EFBC}") = "CelsiusToFahrenheit", "CelsiusToFahrenheit\CelsiusToFahrenheit.csproj", "{61D4B2B1-2372-45CE-A590-AE7AFC95C5FD}"
EndProject
Project("{FAE04EC0-301F-11D3-BF4B-00C04F79EFBC}") = "StartUp", "StartUp\StartUp.csproj", "{49589713-8F10-4513-A43D-D32B4010779F}"
EndProject
Project("{FAE04EC0-301F-11D3-BF4B-00C04F79EFBC}") = "CelsiusToFahrenheit_Messages", "CelsiusToFahrenheit_Messages\CelsiusToFahrenheit_Messages.csproj", "{7A56C097-E822-400C-8BBC-93C10B2F3AE0}"
EndProject
Project("{FAE04EC0-301F-11D3-BF4B-00C04F79EFBC}") = "CelsiusToFahrenheit_Tests", "CelsiusToFahrenheit_Tests\CelsiusToFahrenheit_Tests.csproj", "{BAB82462-CD53-42A9-B937-1D191A042195}"
EndProject
Global
	GlobalSection(SolutionConfigurationPlatforms) = preSolution
		Debug|Any CPU = Debug|Any CPU
		Release|Any CPU = Release|Any CPU
	EndGlobalSection
	GlobalSection(ProjectConfigurationPlatforms) = postSolution
		{61D4B2B1-2372-45CE-A590-AE7AFC95C5FD}.Debug|Any CPU.ActiveCfg = Debug|Any CPU
		{61D4B2B1-2372-45CE-A590-AE7AFC95C5FD}.Debug|Any CPU.Build.0 = Debug|Any CPU
		{61D4B2B1-2372-45CE-A590-AE7AFC95C5FD}.Release|Any CPU.ActiveCfg = Release|Any CPU
		{61D4B2B1-2372-45CE-A590-AE7AFC95C5FD}.Release|Any CPU.Build.0 = Release|Any CPU
		{49589713-8F10-4513-A43D-D32B4010779F}.Debug|Any CPU.ActiveCfg = Debug|Any CPU
		{49589713-8F10-4513-A43D-D32B4010779F}.Debug|Any CPU.Build.0 = Debug|Any CPU
		{49589713-8F10-4513-A43D-D32B4010779F}.Release|Any CPU.ActiveCfg = Release|Any CPU
		{49589713-8F10-4513-A43D-D32B4010779F}.Release|Any CPU.Build.0 = Release|Any CPU
		{7A56C097-E822-400C-8BBC-93C10B2F3AE0}.Debug|Any CPU.ActiveCfg = Debug|Any CPU
		{7A56C097-E822-400C-8BBC-93C10B2F3AE0}.Debug|Any CPU.Build.0 = Debug|Any CPU
		{7A56C097-E822-400C-8BBC-93C10B2F3AE0}.Release|Any CPU.ActiveCfg = Release|Any CPU
		{7A56C097-E822-400C-8BBC-93C10B2F3AE0}.Release|Any CPU.Build.0 = Release|Any CPU
		{BAB82462-CD53-42A9-B937-1D191A042195}.Debug|Any CPU.ActiveCfg = Debug|Any CPU
		{BAB82462-CD53-42A9-B937-1D191A042195}.Debug|Any CPU.Build.0 = Debug|Any CPU
		{BAB82462-CD53-42A9-B937-1D191A042195}.Release|Any CPU.ActiveCfg = Release|Any CPU
		{BAB82462-CD53-42A9-B937-1D191A042195}.Release|Any CPU.Build.0 = Release|Any CPU
	EndGlobalSection
	GlobalSection(SolutionProperties) = preSolution
		HideSolutionNode = FALSE
	EndGlobalSection
EndGlobal
