
Microsoft Visual Studio Solution File, Format Version 12.00
# Visual Studio 14
VisualStudioVersion = 14.0.25420.1
MinimumVisualStudioVersion = 10.0.40219.1
Project("{FAE04EC0-301F-11D3-BF4B-00C04F79EFBC}") = "Int_Max_5", "Int_Max_5\Int_Max_5.csproj", "{63667234-BC67-47FF-8DA3-29BDD945BFF7}"
EndProject
Project("{FAE04EC0-301F-11D3-BF4B-00C04F79EFBC}") = "StartUp", "StartUp\StartUp.csproj", "{480A4B39-2203-4B3F-A346-C1D87086D37F}"
EndProject
Project("{FAE04EC0-301F-11D3-BF4B-00C04F79EFBC}") = "Int_Max_5_Messages", "Int_Max_5_Messages\Int_Max_5_Messages.csproj", "{A4C0BA95-DCAF-4514-BBEB-5DD14989267C}"
EndProject
Project("{FAE04EC0-301F-11D3-BF4B-00C04F79EFBC}") = "Int_Max_5_Tests", "Int_Max_5_Tests\Int_Max_5_Tests.csproj", "{A7B55C03-765F-45DA-B6FD-E0F32CFAF46C}"
EndProject
Global
	GlobalSection(SolutionConfigurationPlatforms) = preSolution
		Debug|Any CPU = Debug|Any CPU
		Release|Any CPU = Release|Any CPU
	EndGlobalSection
	GlobalSection(ProjectConfigurationPlatforms) = postSolution
		{63667234-BC67-47FF-8DA3-29BDD945BFF7}.Debug|Any CPU.ActiveCfg = Debug|Any CPU
		{63667234-BC67-47FF-8DA3-29BDD945BFF7}.Debug|Any CPU.Build.0 = Debug|Any CPU
		{63667234-BC67-47FF-8DA3-29BDD945BFF7}.Release|Any CPU.ActiveCfg = Release|Any CPU
		{63667234-BC67-47FF-8DA3-29BDD945BFF7}.Release|Any CPU.Build.0 = Release|Any CPU
		{480A4B39-2203-4B3F-A346-C1D87086D37F}.Debug|Any CPU.ActiveCfg = Debug|Any CPU
		{480A4B39-2203-4B3F-A346-C1D87086D37F}.Debug|Any CPU.Build.0 = Debug|Any CPU
		{480A4B39-2203-4B3F-A346-C1D87086D37F}.Release|Any CPU.ActiveCfg = Release|Any CPU
		{480A4B39-2203-4B3F-A346-C1D87086D37F}.Release|Any CPU.Build.0 = Release|Any CPU
		{A4C0BA95-DCAF-4514-BBEB-5DD14989267C}.Debug|Any CPU.ActiveCfg = Debug|Any CPU
		{A4C0BA95-DCAF-4514-BBEB-5DD14989267C}.Debug|Any CPU.Build.0 = Debug|Any CPU
		{A4C0BA95-DCAF-4514-BBEB-5DD14989267C}.Release|Any CPU.ActiveCfg = Release|Any CPU
		{A4C0BA95-DCAF-4514-BBEB-5DD14989267C}.Release|Any CPU.Build.0 = Release|Any CPU
		{A7B55C03-765F-45DA-B6FD-E0F32CFAF46C}.Debug|Any CPU.ActiveCfg = Debug|Any CPU
		{A7B55C03-765F-45DA-B6FD-E0F32CFAF46C}.Debug|Any CPU.Build.0 = Debug|Any CPU
		{A7B55C03-765F-45DA-B6FD-E0F32CFAF46C}.Release|Any CPU.ActiveCfg = Release|Any CPU
		{A7B55C03-765F-45DA-B6FD-E0F32CFAF46C}.Release|Any CPU.Build.0 = Release|Any CPU
	EndGlobalSection
	GlobalSection(SolutionProperties) = preSolution
		HideSolutionNode = FALSE
	EndGlobalSection
EndGlobal
