
Microsoft Visual Studio Solution File, Format Version 12.00
# Visual Studio 14
VisualStudioVersion = 14.0.25420.1
MinimumVisualStudioVersion = 10.0.40219.1
Project("{FAE04EC0-301F-11D3-BF4B-00C04F79EFBC}") = "Last_Digit_5", "Last_Digit_5\Last_Digit_5.csproj", "{1261DD33-BCA3-4699-B7E5-D4DA54EE3733}"
EndProject
Project("{FAE04EC0-301F-11D3-BF4B-00C04F79EFBC}") = "StartUp", "StartUp\StartUp.csproj", "{38F28582-64AF-4726-B359-0F358D69C40B}"
EndProject
Project("{FAE04EC0-301F-11D3-BF4B-00C04F79EFBC}") = "Last_Digit_5_Messages", "Last_Digit_5_Messages\Last_Digit_5_Messages.csproj", "{B6F3E20A-842E-4E63-AD1F-691707064F94}"
EndProject
Project("{FAE04EC0-301F-11D3-BF4B-00C04F79EFBC}") = "Last_Digit_5_Tests", "Last_Digit_5_Tests\Last_Digit_5_Tests.csproj", "{E6431BA7-A30A-4A8B-AA04-F33BA389412C}"
EndProject
Global
	GlobalSection(SolutionConfigurationPlatforms) = preSolution
		Debug|Any CPU = Debug|Any CPU
		Release|Any CPU = Release|Any CPU
	EndGlobalSection
	GlobalSection(ProjectConfigurationPlatforms) = postSolution
		{1261DD33-BCA3-4699-B7E5-D4DA54EE3733}.Debug|Any CPU.ActiveCfg = Debug|Any CPU
		{1261DD33-BCA3-4699-B7E5-D4DA54EE3733}.Debug|Any CPU.Build.0 = Debug|Any CPU
		{1261DD33-BCA3-4699-B7E5-D4DA54EE3733}.Release|Any CPU.ActiveCfg = Release|Any CPU
		{1261DD33-BCA3-4699-B7E5-D4DA54EE3733}.Release|Any CPU.Build.0 = Release|Any CPU
		{38F28582-64AF-4726-B359-0F358D69C40B}.Debug|Any CPU.ActiveCfg = Debug|Any CPU
		{38F28582-64AF-4726-B359-0F358D69C40B}.Debug|Any CPU.Build.0 = Debug|Any CPU
		{38F28582-64AF-4726-B359-0F358D69C40B}.Release|Any CPU.ActiveCfg = Release|Any CPU
		{38F28582-64AF-4726-B359-0F358D69C40B}.Release|Any CPU.Build.0 = Release|Any CPU
		{B6F3E20A-842E-4E63-AD1F-691707064F94}.Debug|Any CPU.ActiveCfg = Debug|Any CPU
		{B6F3E20A-842E-4E63-AD1F-691707064F94}.Debug|Any CPU.Build.0 = Debug|Any CPU
		{B6F3E20A-842E-4E63-AD1F-691707064F94}.Release|Any CPU.ActiveCfg = Release|Any CPU
		{B6F3E20A-842E-4E63-AD1F-691707064F94}.Release|Any CPU.Build.0 = Release|Any CPU
		{E6431BA7-A30A-4A8B-AA04-F33BA389412C}.Debug|Any CPU.ActiveCfg = Debug|Any CPU
		{E6431BA7-A30A-4A8B-AA04-F33BA389412C}.Debug|Any CPU.Build.0 = Debug|Any CPU
		{E6431BA7-A30A-4A8B-AA04-F33BA389412C}.Release|Any CPU.ActiveCfg = Release|Any CPU
		{E6431BA7-A30A-4A8B-AA04-F33BA389412C}.Release|Any CPU.Build.0 = Release|Any CPU
	EndGlobalSection
	GlobalSection(SolutionProperties) = preSolution
		HideSolutionNode = FALSE
	EndGlobalSection
EndGlobal
