
Microsoft Visual Studio Solution File, Format Version 12.00
# Visual Studio 14
VisualStudioVersion = 14.0.25420.1
MinimumVisualStudioVersion = 10.0.40219.1
Project("{FAE04EC0-301F-11D3-BF4B-00C04F79EFBC}") = "Perfect_Numbers", "Perfect_Numbers\Perfect_Numbers.csproj", "{D496BE47-E58D-4A98-BDC7-E8E353C721FB}"
EndProject
Project("{FAE04EC0-301F-11D3-BF4B-00C04F79EFBC}") = "StartUp", "StartUp\StartUp.csproj", "{64B7A6D9-E42F-47C6-8D8C-DF4B555BF15C}"
EndProject
Project("{FAE04EC0-301F-11D3-BF4B-00C04F79EFBC}") = "Perfect_Numbers_Messages", "Perfect_Numbers_Messages\Perfect_Numbers_Messages.csproj", "{9382CF18-D1E1-480C-84C6-49C82828AA4B}"
EndProject
Project("{FAE04EC0-301F-11D3-BF4B-00C04F79EFBC}") = "Perfect_Numbers_Tests", "Perfect_Numbers_Tests\Perfect_Numbers_Tests.csproj", "{48F7A7AF-06E8-44D9-BFCB-2D56F46430A0}"
EndProject
Global
	GlobalSection(SolutionConfigurationPlatforms) = preSolution
		Debug|Any CPU = Debug|Any CPU
		Release|Any CPU = Release|Any CPU
	EndGlobalSection
	GlobalSection(ProjectConfigurationPlatforms) = postSolution
		{D496BE47-E58D-4A98-BDC7-E8E353C721FB}.Debug|Any CPU.ActiveCfg = Debug|Any CPU
		{D496BE47-E58D-4A98-BDC7-E8E353C721FB}.Debug|Any CPU.Build.0 = Debug|Any CPU
		{D496BE47-E58D-4A98-BDC7-E8E353C721FB}.Release|Any CPU.ActiveCfg = Release|Any CPU
		{D496BE47-E58D-4A98-BDC7-E8E353C721FB}.Release|Any CPU.Build.0 = Release|Any CPU
		{64B7A6D9-E42F-47C6-8D8C-DF4B555BF15C}.Debug|Any CPU.ActiveCfg = Debug|Any CPU
		{64B7A6D9-E42F-47C6-8D8C-DF4B555BF15C}.Debug|Any CPU.Build.0 = Debug|Any CPU
		{64B7A6D9-E42F-47C6-8D8C-DF4B555BF15C}.Release|Any CPU.ActiveCfg = Release|Any CPU
		{64B7A6D9-E42F-47C6-8D8C-DF4B555BF15C}.Release|Any CPU.Build.0 = Release|Any CPU
		{9382CF18-D1E1-480C-84C6-49C82828AA4B}.Debug|Any CPU.ActiveCfg = Debug|Any CPU
		{9382CF18-D1E1-480C-84C6-49C82828AA4B}.Debug|Any CPU.Build.0 = Debug|Any CPU
		{9382CF18-D1E1-480C-84C6-49C82828AA4B}.Release|Any CPU.ActiveCfg = Release|Any CPU
		{9382CF18-D1E1-480C-84C6-49C82828AA4B}.Release|Any CPU.Build.0 = Release|Any CPU
		{48F7A7AF-06E8-44D9-BFCB-2D56F46430A0}.Debug|Any CPU.ActiveCfg = Debug|Any CPU
		{48F7A7AF-06E8-44D9-BFCB-2D56F46430A0}.Debug|Any CPU.Build.0 = Debug|Any CPU
		{48F7A7AF-06E8-44D9-BFCB-2D56F46430A0}.Release|Any CPU.ActiveCfg = Release|Any CPU
		{48F7A7AF-06E8-44D9-BFCB-2D56F46430A0}.Release|Any CPU.Build.0 = Release|Any CPU
	EndGlobalSection
	GlobalSection(SolutionProperties) = preSolution
		HideSolutionNode = FALSE
	EndGlobalSection
EndGlobal
