
Microsoft Visual Studio Solution File, Format Version 12.00
# Visual Studio 14
VisualStudioVersion = 14.0.25420.1
MinimumVisualStudioVersion = 10.0.40219.1
Project("{FAE04EC0-301F-11D3-BF4B-00C04F79EFBC}") = "RemoveDuplicateWords", "RemoveDuplicateWords\RemoveDuplicateWords.csproj", "{4E56A778-9CD6-4D86-A0A4-6051E3879B5B}"
EndProject
Project("{FAE04EC0-301F-11D3-BF4B-00C04F79EFBC}") = "StartUp", "StartUp\StartUp.csproj", "{B36875B5-5A2E-48F5-8D50-B6DFBAFBECFB}"
EndProject
Project("{FAE04EC0-301F-11D3-BF4B-00C04F79EFBC}") = "RemoveDuplicateWords_Messages", "RemoveDuplicateWords_Messages\RemoveDuplicateWords_Messages.csproj", "{50204796-6853-40B2-8162-F274A48FAE1C}"
EndProject
Project("{FAE04EC0-301F-11D3-BF4B-00C04F79EFBC}") = "RemoveDuplicateWords_Tests", "RemoveDuplicateWords_Tests\RemoveDuplicateWords_Tests.csproj", "{99BBEE6E-5D5D-433D-BF4D-75B70E724DD0}"
EndProject
Global
	GlobalSection(SolutionConfigurationPlatforms) = preSolution
		Debug|Any CPU = Debug|Any CPU
		Release|Any CPU = Release|Any CPU
	EndGlobalSection
	GlobalSection(ProjectConfigurationPlatforms) = postSolution
		{4E56A778-9CD6-4D86-A0A4-6051E3879B5B}.Debug|Any CPU.ActiveCfg = Debug|Any CPU
		{4E56A778-9CD6-4D86-A0A4-6051E3879B5B}.Debug|Any CPU.Build.0 = Debug|Any CPU
		{4E56A778-9CD6-4D86-A0A4-6051E3879B5B}.Release|Any CPU.ActiveCfg = Release|Any CPU
		{4E56A778-9CD6-4D86-A0A4-6051E3879B5B}.Release|Any CPU.Build.0 = Release|Any CPU
		{B36875B5-5A2E-48F5-8D50-B6DFBAFBECFB}.Debug|Any CPU.ActiveCfg = Debug|Any CPU
		{B36875B5-5A2E-48F5-8D50-B6DFBAFBECFB}.Debug|Any CPU.Build.0 = Debug|Any CPU
		{B36875B5-5A2E-48F5-8D50-B6DFBAFBECFB}.Release|Any CPU.ActiveCfg = Release|Any CPU
		{B36875B5-5A2E-48F5-8D50-B6DFBAFBECFB}.Release|Any CPU.Build.0 = Release|Any CPU
		{50204796-6853-40B2-8162-F274A48FAE1C}.Debug|Any CPU.ActiveCfg = Debug|Any CPU
		{50204796-6853-40B2-8162-F274A48FAE1C}.Debug|Any CPU.Build.0 = Debug|Any CPU
		{50204796-6853-40B2-8162-F274A48FAE1C}.Release|Any CPU.ActiveCfg = Release|Any CPU
		{50204796-6853-40B2-8162-F274A48FAE1C}.Release|Any CPU.Build.0 = Release|Any CPU
		{99BBEE6E-5D5D-433D-BF4D-75B70E724DD0}.Debug|Any CPU.ActiveCfg = Debug|Any CPU
		{99BBEE6E-5D5D-433D-BF4D-75B70E724DD0}.Debug|Any CPU.Build.0 = Debug|Any CPU
		{99BBEE6E-5D5D-433D-BF4D-75B70E724DD0}.Release|Any CPU.ActiveCfg = Release|Any CPU
		{99BBEE6E-5D5D-433D-BF4D-75B70E724DD0}.Release|Any CPU.Build.0 = Release|Any CPU
	EndGlobalSection
	GlobalSection(SolutionProperties) = preSolution
		HideSolutionNode = FALSE
	EndGlobalSection
EndGlobal
