
Microsoft Visual Studio Solution File, Format Version 12.00
# Visual Studio 14
VisualStudioVersion = 14.0.25420.1
MinimumVisualStudioVersion = 10.0.40219.1
Project("{FAE04EC0-301F-11D3-BF4B-00C04F79EFBC}") = "Mercury", "Mercury\Mercury.csproj", "{1605480B-27A3-4E15-BAF0-C18C4F61E810}"
EndProject
Project("{FAE04EC0-301F-11D3-BF4B-00C04F79EFBC}") = "StartUp", "StartUp\StartUp.csproj", "{953C1E4A-0B2E-4AE4-A046-BC717A651223}"
EndProject
Project("{FAE04EC0-301F-11D3-BF4B-00C04F79EFBC}") = "Mercury_Messsages", "Mercury_Messsages\Mercury_Messsages.csproj", "{8D6A2533-4921-44AB-9160-0166E9FF4E74}"
EndProject
Project("{FAE04EC0-301F-11D3-BF4B-00C04F79EFBC}") = "Mercury_Tests", "Mercury_Tests\Mercury_Tests.csproj", "{FAD8721D-684E-48F0-92B7-B78181344772}"
EndProject
Global
	GlobalSection(SolutionConfigurationPlatforms) = preSolution
		Debug|Any CPU = Debug|Any CPU
		Release|Any CPU = Release|Any CPU
	EndGlobalSection
	GlobalSection(ProjectConfigurationPlatforms) = postSolution
		{1605480B-27A3-4E15-BAF0-C18C4F61E810}.Debug|Any CPU.ActiveCfg = Debug|Any CPU
		{1605480B-27A3-4E15-BAF0-C18C4F61E810}.Debug|Any CPU.Build.0 = Debug|Any CPU
		{1605480B-27A3-4E15-BAF0-C18C4F61E810}.Release|Any CPU.ActiveCfg = Release|Any CPU
		{1605480B-27A3-4E15-BAF0-C18C4F61E810}.Release|Any CPU.Build.0 = Release|Any CPU
		{953C1E4A-0B2E-4AE4-A046-BC717A651223}.Debug|Any CPU.ActiveCfg = Debug|Any CPU
		{953C1E4A-0B2E-4AE4-A046-BC717A651223}.Debug|Any CPU.Build.0 = Debug|Any CPU
		{953C1E4A-0B2E-4AE4-A046-BC717A651223}.Release|Any CPU.ActiveCfg = Release|Any CPU
		{953C1E4A-0B2E-4AE4-A046-BC717A651223}.Release|Any CPU.Build.0 = Release|Any CPU
		{8D6A2533-4921-44AB-9160-0166E9FF4E74}.Debug|Any CPU.ActiveCfg = Debug|Any CPU
		{8D6A2533-4921-44AB-9160-0166E9FF4E74}.Debug|Any CPU.Build.0 = Debug|Any CPU
		{8D6A2533-4921-44AB-9160-0166E9FF4E74}.Release|Any CPU.ActiveCfg = Release|Any CPU
		{8D6A2533-4921-44AB-9160-0166E9FF4E74}.Release|Any CPU.Build.0 = Release|Any CPU
		{FAD8721D-684E-48F0-92B7-B78181344772}.Debug|Any CPU.ActiveCfg = Debug|Any CPU
		{FAD8721D-684E-48F0-92B7-B78181344772}.Debug|Any CPU.Build.0 = Debug|Any CPU
		{FAD8721D-684E-48F0-92B7-B78181344772}.Release|Any CPU.ActiveCfg = Release|Any CPU
		{FAD8721D-684E-48F0-92B7-B78181344772}.Release|Any CPU.Build.0 = Release|Any CPU
	EndGlobalSection
	GlobalSection(SolutionProperties) = preSolution
		HideSolutionNode = FALSE
	EndGlobalSection
EndGlobal
