
Microsoft Visual Studio Solution File, Format Version 12.00
# Visual Studio 14
VisualStudioVersion = 14.0.25420.1
MinimumVisualStudioVersion = 10.0.40219.1
Project("{FAE04EC0-301F-11D3-BF4B-00C04F79EFBC}") = "Love_Twenty-Four", "Love_Twenty-Four\Love_Twenty-Four.csproj", "{31A4F6EF-D1CE-446C-8678-E70C9EE1979F}"
EndProject
Project("{FAE04EC0-301F-11D3-BF4B-00C04F79EFBC}") = "StartUp", "StartUp\StartUp.csproj", "{6B76AA5E-6CD4-4E82-97FA-6E5509AA2EDF}"
EndProject
Project("{FAE04EC0-301F-11D3-BF4B-00C04F79EFBC}") = "Love_Twenty-Four_Messages", "Love_Twenty-Four_Messages\Love_Twenty-Four_Messages.csproj", "{9F564FA3-F883-4C7C-BDE8-000E848E76C3}"
EndProject
Project("{FAE04EC0-301F-11D3-BF4B-00C04F79EFBC}") = "Love_Twenty-Four_Tests", "Love_Twenty-Four_Tests\Love_Twenty-Four_Tests.csproj", "{BB4DC286-BB0E-481E-8AED-37D45E918967}"
EndProject
Global
	GlobalSection(SolutionConfigurationPlatforms) = preSolution
		Debug|Any CPU = Debug|Any CPU
		Release|Any CPU = Release|Any CPU
	EndGlobalSection
	GlobalSection(ProjectConfigurationPlatforms) = postSolution
		{31A4F6EF-D1CE-446C-8678-E70C9EE1979F}.Debug|Any CPU.ActiveCfg = Debug|Any CPU
		{31A4F6EF-D1CE-446C-8678-E70C9EE1979F}.Debug|Any CPU.Build.0 = Debug|Any CPU
		{31A4F6EF-D1CE-446C-8678-E70C9EE1979F}.Release|Any CPU.ActiveCfg = Release|Any CPU
		{31A4F6EF-D1CE-446C-8678-E70C9EE1979F}.Release|Any CPU.Build.0 = Release|Any CPU
		{6B76AA5E-6CD4-4E82-97FA-6E5509AA2EDF}.Debug|Any CPU.ActiveCfg = Debug|Any CPU
		{6B76AA5E-6CD4-4E82-97FA-6E5509AA2EDF}.Debug|Any CPU.Build.0 = Debug|Any CPU
		{6B76AA5E-6CD4-4E82-97FA-6E5509AA2EDF}.Release|Any CPU.ActiveCfg = Release|Any CPU
		{6B76AA5E-6CD4-4E82-97FA-6E5509AA2EDF}.Release|Any CPU.Build.0 = Release|Any CPU
		{9F564FA3-F883-4C7C-BDE8-000E848E76C3}.Debug|Any CPU.ActiveCfg = Debug|Any CPU
		{9F564FA3-F883-4C7C-BDE8-000E848E76C3}.Debug|Any CPU.Build.0 = Debug|Any CPU
		{9F564FA3-F883-4C7C-BDE8-000E848E76C3}.Release|Any CPU.ActiveCfg = Release|Any CPU
		{9F564FA3-F883-4C7C-BDE8-000E848E76C3}.Release|Any CPU.Build.0 = Release|Any CPU
		{BB4DC286-BB0E-481E-8AED-37D45E918967}.Debug|Any CPU.ActiveCfg = Debug|Any CPU
		{BB4DC286-BB0E-481E-8AED-37D45E918967}.Debug|Any CPU.Build.0 = Debug|Any CPU
		{BB4DC286-BB0E-481E-8AED-37D45E918967}.Release|Any CPU.ActiveCfg = Release|Any CPU
		{BB4DC286-BB0E-481E-8AED-37D45E918967}.Release|Any CPU.Build.0 = Release|Any CPU
	EndGlobalSection
	GlobalSection(SolutionProperties) = preSolution
		HideSolutionNode = FALSE
	EndGlobalSection
EndGlobal
