
Microsoft Visual Studio Solution File, Format Version 12.00
# Visual Studio 14
VisualStudioVersion = 14.0.25420.1
MinimumVisualStudioVersion = 10.0.40219.1
Project("{FAE04EC0-301F-11D3-BF4B-00C04F79EFBC}") = "Sine", "Sine\Sine.csproj", "{2AA988DF-2405-4407-A1E0-793C5643ED38}"
EndProject
Project("{FAE04EC0-301F-11D3-BF4B-00C04F79EFBC}") = "StartUp", "StartUp\StartUp.csproj", "{15817BCF-E18D-4997-8FA1-9ED497336D71}"
EndProject
Project("{FAE04EC0-301F-11D3-BF4B-00C04F79EFBC}") = "Sine_Messages", "Sine_Messages\Sine_Messages.csproj", "{D7D40101-9607-41B2-BEA4-A36C1F58054A}"
EndProject
Project("{FAE04EC0-301F-11D3-BF4B-00C04F79EFBC}") = "Sine_Tests", "Sine_Tests\Sine_Tests.csproj", "{8D616749-923C-41CE-A84C-4A669DFBC0B8}"
EndProject
Global
	GlobalSection(SolutionConfigurationPlatforms) = preSolution
		Debug|Any CPU = Debug|Any CPU
		Release|Any CPU = Release|Any CPU
	EndGlobalSection
	GlobalSection(ProjectConfigurationPlatforms) = postSolution
		{2AA988DF-2405-4407-A1E0-793C5643ED38}.Debug|Any CPU.ActiveCfg = Debug|Any CPU
		{2AA988DF-2405-4407-A1E0-793C5643ED38}.Debug|Any CPU.Build.0 = Debug|Any CPU
		{2AA988DF-2405-4407-A1E0-793C5643ED38}.Release|Any CPU.ActiveCfg = Release|Any CPU
		{2AA988DF-2405-4407-A1E0-793C5643ED38}.Release|Any CPU.Build.0 = Release|Any CPU
		{15817BCF-E18D-4997-8FA1-9ED497336D71}.Debug|Any CPU.ActiveCfg = Debug|Any CPU
		{15817BCF-E18D-4997-8FA1-9ED497336D71}.Debug|Any CPU.Build.0 = Debug|Any CPU
		{15817BCF-E18D-4997-8FA1-9ED497336D71}.Release|Any CPU.ActiveCfg = Release|Any CPU
		{15817BCF-E18D-4997-8FA1-9ED497336D71}.Release|Any CPU.Build.0 = Release|Any CPU
		{D7D40101-9607-41B2-BEA4-A36C1F58054A}.Debug|Any CPU.ActiveCfg = Debug|Any CPU
		{D7D40101-9607-41B2-BEA4-A36C1F58054A}.Debug|Any CPU.Build.0 = Debug|Any CPU
		{D7D40101-9607-41B2-BEA4-A36C1F58054A}.Release|Any CPU.ActiveCfg = Release|Any CPU
		{D7D40101-9607-41B2-BEA4-A36C1F58054A}.Release|Any CPU.Build.0 = Release|Any CPU
		{8D616749-923C-41CE-A84C-4A669DFBC0B8}.Debug|Any CPU.ActiveCfg = Debug|Any CPU
		{8D616749-923C-41CE-A84C-4A669DFBC0B8}.Debug|Any CPU.Build.0 = Debug|Any CPU
		{8D616749-923C-41CE-A84C-4A669DFBC0B8}.Release|Any CPU.ActiveCfg = Release|Any CPU
		{8D616749-923C-41CE-A84C-4A669DFBC0B8}.Release|Any CPU.Build.0 = Release|Any CPU
	EndGlobalSection
	GlobalSection(SolutionProperties) = preSolution
		HideSolutionNode = FALSE
	EndGlobalSection
EndGlobal
