
Microsoft Visual Studio Solution File, Format Version 12.00
# Visual Studio 14
VisualStudioVersion = 14.0.25420.1
MinimumVisualStudioVersion = 10.0.40219.1
Project("{FAE04EC0-301F-11D3-BF4B-00C04F79EFBC}") = "Left_To_End_2", "Left_To_End_2\Left_To_End_2.csproj", "{CF128C94-2D23-4149-8894-ADC68CFEDE73}"
EndProject
Project("{FAE04EC0-301F-11D3-BF4B-00C04F79EFBC}") = "StartUp", "StartUp\StartUp.csproj", "{48CA0148-CCFA-49D3-AA36-05B96FEB1CB9}"
EndProject
Project("{FAE04EC0-301F-11D3-BF4B-00C04F79EFBC}") = "Left_To_End_2_Messages", "Left_To_End_2_Messages\Left_To_End_2_Messages.csproj", "{F5007D06-C712-4FAE-A061-5C0581343A3D}"
EndProject
Project("{FAE04EC0-301F-11D3-BF4B-00C04F79EFBC}") = "Left_To_End_2_Tests", "Left_To_End_2_Tests\Left_To_End_2_Tests.csproj", "{7A8BD98D-CB2B-4C9B-BDA4-7E3E698E5B96}"
EndProject
Global
	GlobalSection(SolutionConfigurationPlatforms) = preSolution
		Debug|Any CPU = Debug|Any CPU
		Release|Any CPU = Release|Any CPU
	EndGlobalSection
	GlobalSection(ProjectConfigurationPlatforms) = postSolution
		{CF128C94-2D23-4149-8894-ADC68CFEDE73}.Debug|Any CPU.ActiveCfg = Debug|Any CPU
		{CF128C94-2D23-4149-8894-ADC68CFEDE73}.Debug|Any CPU.Build.0 = Debug|Any CPU
		{CF128C94-2D23-4149-8894-ADC68CFEDE73}.Release|Any CPU.ActiveCfg = Release|Any CPU
		{CF128C94-2D23-4149-8894-ADC68CFEDE73}.Release|Any CPU.Build.0 = Release|Any CPU
		{48CA0148-CCFA-49D3-AA36-05B96FEB1CB9}.Debug|Any CPU.ActiveCfg = Debug|Any CPU
		{48CA0148-CCFA-49D3-AA36-05B96FEB1CB9}.Debug|Any CPU.Build.0 = Debug|Any CPU
		{48CA0148-CCFA-49D3-AA36-05B96FEB1CB9}.Release|Any CPU.ActiveCfg = Release|Any CPU
		{48CA0148-CCFA-49D3-AA36-05B96FEB1CB9}.Release|Any CPU.Build.0 = Release|Any CPU
		{F5007D06-C712-4FAE-A061-5C0581343A3D}.Debug|Any CPU.ActiveCfg = Debug|Any CPU
		{F5007D06-C712-4FAE-A061-5C0581343A3D}.Debug|Any CPU.Build.0 = Debug|Any CPU
		{F5007D06-C712-4FAE-A061-5C0581343A3D}.Release|Any CPU.ActiveCfg = Release|Any CPU
		{F5007D06-C712-4FAE-A061-5C0581343A3D}.Release|Any CPU.Build.0 = Release|Any CPU
		{7A8BD98D-CB2B-4C9B-BDA4-7E3E698E5B96}.Debug|Any CPU.ActiveCfg = Debug|Any CPU
		{7A8BD98D-CB2B-4C9B-BDA4-7E3E698E5B96}.Debug|Any CPU.Build.0 = Debug|Any CPU
		{7A8BD98D-CB2B-4C9B-BDA4-7E3E698E5B96}.Release|Any CPU.ActiveCfg = Release|Any CPU
		{7A8BD98D-CB2B-4C9B-BDA4-7E3E698E5B96}.Release|Any CPU.Build.0 = Release|Any CPU
	EndGlobalSection
	GlobalSection(SolutionProperties) = preSolution
		HideSolutionNode = FALSE
	EndGlobalSection
EndGlobal
