
Microsoft Visual Studio Solution File, Format Version 12.00
# Visual Studio 14
VisualStudioVersion = 14.0.25420.1
MinimumVisualStudioVersion = 10.0.40219.1
Project("{FAE04EC0-301F-11D3-BF4B-00C04F79EFBC}") = "Three_As_One", "Three_As_One\Three_As_One.csproj", "{83236BAD-29FD-4898-BCAD-89A304E02EBA}"
EndProject
Project("{FAE04EC0-301F-11D3-BF4B-00C04F79EFBC}") = "StartUp", "StartUp\StartUp.csproj", "{8D56EB7B-4CCF-47CB-917B-20DDB2B4D7FA}"
EndProject
Project("{FAE04EC0-301F-11D3-BF4B-00C04F79EFBC}") = "Three_As_One_Messages", "Three_As_One_Messages\Three_As_One_Messages.csproj", "{AF1D5941-31D0-47B6-BA94-B5534D1044CB}"
EndProject
Project("{FAE04EC0-301F-11D3-BF4B-00C04F79EFBC}") = "Three_As_One_Tests", "Three_As_One_Tests\Three_As_One_Tests.csproj", "{4B99454D-AE3B-4B9D-A2C8-FE8C7E23FB0B}"
EndProject
Global
	GlobalSection(SolutionConfigurationPlatforms) = preSolution
		Debug|Any CPU = Debug|Any CPU
		Release|Any CPU = Release|Any CPU
	EndGlobalSection
	GlobalSection(ProjectConfigurationPlatforms) = postSolution
		{83236BAD-29FD-4898-BCAD-89A304E02EBA}.Debug|Any CPU.ActiveCfg = Debug|Any CPU
		{83236BAD-29FD-4898-BCAD-89A304E02EBA}.Debug|Any CPU.Build.0 = Debug|Any CPU
		{83236BAD-29FD-4898-BCAD-89A304E02EBA}.Release|Any CPU.ActiveCfg = Release|Any CPU
		{83236BAD-29FD-4898-BCAD-89A304E02EBA}.Release|Any CPU.Build.0 = Release|Any CPU
		{8D56EB7B-4CCF-47CB-917B-20DDB2B4D7FA}.Debug|Any CPU.ActiveCfg = Debug|Any CPU
		{8D56EB7B-4CCF-47CB-917B-20DDB2B4D7FA}.Debug|Any CPU.Build.0 = Debug|Any CPU
		{8D56EB7B-4CCF-47CB-917B-20DDB2B4D7FA}.Release|Any CPU.ActiveCfg = Release|Any CPU
		{8D56EB7B-4CCF-47CB-917B-20DDB2B4D7FA}.Release|Any CPU.Build.0 = Release|Any CPU
		{AF1D5941-31D0-47B6-BA94-B5534D1044CB}.Debug|Any CPU.ActiveCfg = Debug|Any CPU
		{AF1D5941-31D0-47B6-BA94-B5534D1044CB}.Debug|Any CPU.Build.0 = Debug|Any CPU
		{AF1D5941-31D0-47B6-BA94-B5534D1044CB}.Release|Any CPU.ActiveCfg = Release|Any CPU
		{AF1D5941-31D0-47B6-BA94-B5534D1044CB}.Release|Any CPU.Build.0 = Release|Any CPU
		{4B99454D-AE3B-4B9D-A2C8-FE8C7E23FB0B}.Debug|Any CPU.ActiveCfg = Debug|Any CPU
		{4B99454D-AE3B-4B9D-A2C8-FE8C7E23FB0B}.Debug|Any CPU.Build.0 = Debug|Any CPU
		{4B99454D-AE3B-4B9D-A2C8-FE8C7E23FB0B}.Release|Any CPU.ActiveCfg = Release|Any CPU
		{4B99454D-AE3B-4B9D-A2C8-FE8C7E23FB0B}.Release|Any CPU.Build.0 = Release|Any CPU
	EndGlobalSection
	GlobalSection(SolutionProperties) = preSolution
		HideSolutionNode = FALSE
	EndGlobalSection
EndGlobal
