
Microsoft Visual Studio Solution File, Format Version 12.00
# Visual Studio 14
VisualStudioVersion = 14.0.25420.1
MinimumVisualStudioVersion = 10.0.40219.1
Project("{FAE04EC0-301F-11D3-BF4B-00C04F79EFBC}") = "Larger_Number", "Larger_Number\Larger_Number.csproj", "{E8A34290-2489-403B-8BE5-5D592B6E5243}"
EndProject
Project("{FAE04EC0-301F-11D3-BF4B-00C04F79EFBC}") = "StartUp", "StartUp\StartUp.csproj", "{BFC9E572-8C2B-418A-831A-6C6E446DE5FE}"
EndProject
Project("{FAE04EC0-301F-11D3-BF4B-00C04F79EFBC}") = "Larger_Number_Messages", "Larger_Number_Messages\Larger_Number_Messages.csproj", "{10E18B8D-54CC-4D55-AD09-9896BEF96334}"
EndProject
Project("{FAE04EC0-301F-11D3-BF4B-00C04F79EFBC}") = "Larger_Number_Tests", "Larger_Number_Tests\Larger_Number_Tests.csproj", "{5817E7E7-16EF-4E56-A10C-A499F2F2DE43}"
EndProject
Global
	GlobalSection(SolutionConfigurationPlatforms) = preSolution
		Debug|Any CPU = Debug|Any CPU
		Release|Any CPU = Release|Any CPU
	EndGlobalSection
	GlobalSection(ProjectConfigurationPlatforms) = postSolution
		{E8A34290-2489-403B-8BE5-5D592B6E5243}.Debug|Any CPU.ActiveCfg = Debug|Any CPU
		{E8A34290-2489-403B-8BE5-5D592B6E5243}.Debug|Any CPU.Build.0 = Debug|Any CPU
		{E8A34290-2489-403B-8BE5-5D592B6E5243}.Release|Any CPU.ActiveCfg = Release|Any CPU
		{E8A34290-2489-403B-8BE5-5D592B6E5243}.Release|Any CPU.Build.0 = Release|Any CPU
		{BFC9E572-8C2B-418A-831A-6C6E446DE5FE}.Debug|Any CPU.ActiveCfg = Debug|Any CPU
		{BFC9E572-8C2B-418A-831A-6C6E446DE5FE}.Debug|Any CPU.Build.0 = Debug|Any CPU
		{BFC9E572-8C2B-418A-831A-6C6E446DE5FE}.Release|Any CPU.ActiveCfg = Release|Any CPU
		{BFC9E572-8C2B-418A-831A-6C6E446DE5FE}.Release|Any CPU.Build.0 = Release|Any CPU
		{10E18B8D-54CC-4D55-AD09-9896BEF96334}.Debug|Any CPU.ActiveCfg = Debug|Any CPU
		{10E18B8D-54CC-4D55-AD09-9896BEF96334}.Debug|Any CPU.Build.0 = Debug|Any CPU
		{10E18B8D-54CC-4D55-AD09-9896BEF96334}.Release|Any CPU.ActiveCfg = Release|Any CPU
		{10E18B8D-54CC-4D55-AD09-9896BEF96334}.Release|Any CPU.Build.0 = Release|Any CPU
		{5817E7E7-16EF-4E56-A10C-A499F2F2DE43}.Debug|Any CPU.ActiveCfg = Debug|Any CPU
		{5817E7E7-16EF-4E56-A10C-A499F2F2DE43}.Debug|Any CPU.Build.0 = Debug|Any CPU
		{5817E7E7-16EF-4E56-A10C-A499F2F2DE43}.Release|Any CPU.ActiveCfg = Release|Any CPU
		{5817E7E7-16EF-4E56-A10C-A499F2F2DE43}.Release|Any CPU.Build.0 = Release|Any CPU
	EndGlobalSection
	GlobalSection(SolutionProperties) = preSolution
		HideSolutionNode = FALSE
	EndGlobalSection
EndGlobal
