
Microsoft Visual Studio Solution File, Format Version 12.00
# Visual Studio 14
VisualStudioVersion = 14.0.25420.1
MinimumVisualStudioVersion = 10.0.40219.1
Project("{FAE04EC0-301F-11D3-BF4B-00C04F79EFBC}") = "Slightly_More_30", "Slightly_More_30\Slightly_More_30.csproj", "{143CF148-DC38-4549-A0A9-93945C9D4014}"
EndProject
Project("{FAE04EC0-301F-11D3-BF4B-00C04F79EFBC}") = "StartUp", "StartUp\StartUp.csproj", "{A26E1763-639B-4DA1-A85A-8923954E24FA}"
EndProject
Project("{FAE04EC0-301F-11D3-BF4B-00C04F79EFBC}") = "Slightly_More_30_Messages", "Slightly_More_Messages\Slightly_More_30_Messages.csproj", "{3FC694B4-8E6A-49D2-AD76-DD798EC7B224}"
EndProject
Project("{FAE04EC0-301F-11D3-BF4B-00C04F79EFBC}") = "Slightly_More_30_Tests", "Slightly_More_30_Tests\Slightly_More_30_Tests.csproj", "{0DA00EC8-F595-482B-A272-2BA0E64877F7}"
EndProject
Global
	GlobalSection(SolutionConfigurationPlatforms) = preSolution
		Debug|Any CPU = Debug|Any CPU
		Release|Any CPU = Release|Any CPU
	EndGlobalSection
	GlobalSection(ProjectConfigurationPlatforms) = postSolution
		{143CF148-DC38-4549-A0A9-93945C9D4014}.Debug|Any CPU.ActiveCfg = Debug|Any CPU
		{143CF148-DC38-4549-A0A9-93945C9D4014}.Debug|Any CPU.Build.0 = Debug|Any CPU
		{143CF148-DC38-4549-A0A9-93945C9D4014}.Release|Any CPU.ActiveCfg = Release|Any CPU
		{143CF148-DC38-4549-A0A9-93945C9D4014}.Release|Any CPU.Build.0 = Release|Any CPU
		{A26E1763-639B-4DA1-A85A-8923954E24FA}.Debug|Any CPU.ActiveCfg = Debug|Any CPU
		{A26E1763-639B-4DA1-A85A-8923954E24FA}.Debug|Any CPU.Build.0 = Debug|Any CPU
		{A26E1763-639B-4DA1-A85A-8923954E24FA}.Release|Any CPU.ActiveCfg = Release|Any CPU
		{A26E1763-639B-4DA1-A85A-8923954E24FA}.Release|Any CPU.Build.0 = Release|Any CPU
		{3FC694B4-8E6A-49D2-AD76-DD798EC7B224}.Debug|Any CPU.ActiveCfg = Debug|Any CPU
		{3FC694B4-8E6A-49D2-AD76-DD798EC7B224}.Debug|Any CPU.Build.0 = Debug|Any CPU
		{3FC694B4-8E6A-49D2-AD76-DD798EC7B224}.Release|Any CPU.ActiveCfg = Release|Any CPU
		{3FC694B4-8E6A-49D2-AD76-DD798EC7B224}.Release|Any CPU.Build.0 = Release|Any CPU
		{0DA00EC8-F595-482B-A272-2BA0E64877F7}.Debug|Any CPU.ActiveCfg = Debug|Any CPU
		{0DA00EC8-F595-482B-A272-2BA0E64877F7}.Debug|Any CPU.Build.0 = Debug|Any CPU
		{0DA00EC8-F595-482B-A272-2BA0E64877F7}.Release|Any CPU.ActiveCfg = Release|Any CPU
		{0DA00EC8-F595-482B-A272-2BA0E64877F7}.Release|Any CPU.Build.0 = Release|Any CPU
	EndGlobalSection
	GlobalSection(SolutionProperties) = preSolution
		HideSolutionNode = FALSE
	EndGlobalSection
EndGlobal
