
Microsoft Visual Studio Solution File, Format Version 12.00
# Visual Studio 14
VisualStudioVersion = 14.0.25420.1
MinimumVisualStudioVersion = 10.0.40219.1
Project("{FAE04EC0-301F-11D3-BF4B-00C04F79EFBC}") = "Share_Digit_4", "Share_Digit_4\Share_Digit_4.csproj", "{C343EA81-AC9B-4C44-8220-075BCFCE0BAC}"
EndProject
Project("{FAE04EC0-301F-11D3-BF4B-00C04F79EFBC}") = "StartUp", "StartUp\StartUp.csproj", "{6D5BE171-1005-4977-963B-C3A152E4FE7B}"
EndProject
Project("{FAE04EC0-301F-11D3-BF4B-00C04F79EFBC}") = "Share_Digit_4_Messages", "Share_Digit_4_Messages\Share_Digit_4_Messages.csproj", "{24A33463-707B-45F1-A132-E336D819CEA8}"
EndProject
Project("{FAE04EC0-301F-11D3-BF4B-00C04F79EFBC}") = "Share_Digit_4_Tests", "Share_Digit_4_Tests\Share_Digit_4_Tests.csproj", "{772D46D0-141A-44BC-8CC4-E113AEB738FA}"
EndProject
Global
	GlobalSection(SolutionConfigurationPlatforms) = preSolution
		Debug|Any CPU = Debug|Any CPU
		Release|Any CPU = Release|Any CPU
	EndGlobalSection
	GlobalSection(ProjectConfigurationPlatforms) = postSolution
		{C343EA81-AC9B-4C44-8220-075BCFCE0BAC}.Debug|Any CPU.ActiveCfg = Debug|Any CPU
		{C343EA81-AC9B-4C44-8220-075BCFCE0BAC}.Debug|Any CPU.Build.0 = Debug|Any CPU
		{C343EA81-AC9B-4C44-8220-075BCFCE0BAC}.Release|Any CPU.ActiveCfg = Release|Any CPU
		{C343EA81-AC9B-4C44-8220-075BCFCE0BAC}.Release|Any CPU.Build.0 = Release|Any CPU
		{6D5BE171-1005-4977-963B-C3A152E4FE7B}.Debug|Any CPU.ActiveCfg = Debug|Any CPU
		{6D5BE171-1005-4977-963B-C3A152E4FE7B}.Debug|Any CPU.Build.0 = Debug|Any CPU
		{6D5BE171-1005-4977-963B-C3A152E4FE7B}.Release|Any CPU.ActiveCfg = Release|Any CPU
		{6D5BE171-1005-4977-963B-C3A152E4FE7B}.Release|Any CPU.Build.0 = Release|Any CPU
		{24A33463-707B-45F1-A132-E336D819CEA8}.Debug|Any CPU.ActiveCfg = Debug|Any CPU
		{24A33463-707B-45F1-A132-E336D819CEA8}.Debug|Any CPU.Build.0 = Debug|Any CPU
		{24A33463-707B-45F1-A132-E336D819CEA8}.Release|Any CPU.ActiveCfg = Release|Any CPU
		{24A33463-707B-45F1-A132-E336D819CEA8}.Release|Any CPU.Build.0 = Release|Any CPU
		{772D46D0-141A-44BC-8CC4-E113AEB738FA}.Debug|Any CPU.ActiveCfg = Debug|Any CPU
		{772D46D0-141A-44BC-8CC4-E113AEB738FA}.Debug|Any CPU.Build.0 = Debug|Any CPU
		{772D46D0-141A-44BC-8CC4-E113AEB738FA}.Release|Any CPU.ActiveCfg = Release|Any CPU
		{772D46D0-141A-44BC-8CC4-E113AEB738FA}.Release|Any CPU.Build.0 = Release|Any CPU
	EndGlobalSection
	GlobalSection(SolutionProperties) = preSolution
		HideSolutionNode = FALSE
	EndGlobalSection
EndGlobal
