
Microsoft Visual Studio Solution File, Format Version 12.00
# Visual Studio 14
VisualStudioVersion = 14.0.25420.1
MinimumVisualStudioVersion = 10.0.40219.1
Project("{FAE04EC0-301F-11D3-BF4B-00C04F79EFBC}") = "Five_As_One", "Five_As_One\Five_As_One.csproj", "{ECB774EC-F0CB-4E61-9245-4AD0B09172CC}"
EndProject
Project("{FAE04EC0-301F-11D3-BF4B-00C04F79EFBC}") = "StartUp", "StartUp\StartUp.csproj", "{E0056603-4CDF-45C4-9E00-9DFE9A79742B}"
EndProject
Project("{FAE04EC0-301F-11D3-BF4B-00C04F79EFBC}") = "Five_As_One_Messages", "Five_As_One_Messages\Five_As_One_Messages.csproj", "{EAD7E7C6-B293-401C-9BDA-333C1D1AE7D2}"
EndProject
Project("{FAE04EC0-301F-11D3-BF4B-00C04F79EFBC}") = "Five_As_One_Tests", "Five_As_One_Tests\Five_As_One_Tests.csproj", "{506E2E3D-A143-477F-BE0B-64EEED8E1106}"
EndProject
Global
	GlobalSection(SolutionConfigurationPlatforms) = preSolution
		Debug|Any CPU = Debug|Any CPU
		Release|Any CPU = Release|Any CPU
	EndGlobalSection
	GlobalSection(ProjectConfigurationPlatforms) = postSolution
		{ECB774EC-F0CB-4E61-9245-4AD0B09172CC}.Debug|Any CPU.ActiveCfg = Debug|Any CPU
		{ECB774EC-F0CB-4E61-9245-4AD0B09172CC}.Debug|Any CPU.Build.0 = Debug|Any CPU
		{ECB774EC-F0CB-4E61-9245-4AD0B09172CC}.Release|Any CPU.ActiveCfg = Release|Any CPU
		{ECB774EC-F0CB-4E61-9245-4AD0B09172CC}.Release|Any CPU.Build.0 = Release|Any CPU
		{E0056603-4CDF-45C4-9E00-9DFE9A79742B}.Debug|Any CPU.ActiveCfg = Debug|Any CPU
		{E0056603-4CDF-45C4-9E00-9DFE9A79742B}.Debug|Any CPU.Build.0 = Debug|Any CPU
		{E0056603-4CDF-45C4-9E00-9DFE9A79742B}.Release|Any CPU.ActiveCfg = Release|Any CPU
		{E0056603-4CDF-45C4-9E00-9DFE9A79742B}.Release|Any CPU.Build.0 = Release|Any CPU
		{EAD7E7C6-B293-401C-9BDA-333C1D1AE7D2}.Debug|Any CPU.ActiveCfg = Debug|Any CPU
		{EAD7E7C6-B293-401C-9BDA-333C1D1AE7D2}.Debug|Any CPU.Build.0 = Debug|Any CPU
		{EAD7E7C6-B293-401C-9BDA-333C1D1AE7D2}.Release|Any CPU.ActiveCfg = Release|Any CPU
		{EAD7E7C6-B293-401C-9BDA-333C1D1AE7D2}.Release|Any CPU.Build.0 = Release|Any CPU
		{506E2E3D-A143-477F-BE0B-64EEED8E1106}.Debug|Any CPU.ActiveCfg = Debug|Any CPU
		{506E2E3D-A143-477F-BE0B-64EEED8E1106}.Debug|Any CPU.Build.0 = Debug|Any CPU
		{506E2E3D-A143-477F-BE0B-64EEED8E1106}.Release|Any CPU.ActiveCfg = Release|Any CPU
		{506E2E3D-A143-477F-BE0B-64EEED8E1106}.Release|Any CPU.Build.0 = Release|Any CPU
	EndGlobalSection
	GlobalSection(SolutionProperties) = preSolution
		HideSolutionNode = FALSE
	EndGlobalSection
EndGlobal
