
Microsoft Visual Studio Solution File, Format Version 12.00
# Visual Studio 14
VisualStudioVersion = 14.0.25420.1
MinimumVisualStudioVersion = 10.0.40219.1
Project("{FAE04EC0-301F-11D3-BF4B-00C04F79EFBC}") = "Non_Start_4", "Non_Start_4\Non_Start_4.csproj", "{19F3E97C-4F14-4701-8944-72CB4902600B}"
EndProject
Project("{FAE04EC0-301F-11D3-BF4B-00C04F79EFBC}") = "StartUp", "StartUp\StartUp.csproj", "{E1A2F7FB-72A3-4555-9D96-685DA21F4C07}"
EndProject
Project("{FAE04EC0-301F-11D3-BF4B-00C04F79EFBC}") = "Non_Start_4_Messages", "Non_Start_4_Messages\Non_Start_4_Messages.csproj", "{CACC7C24-5E09-44BA-931D-06A71351CD80}"
EndProject
Project("{FAE04EC0-301F-11D3-BF4B-00C04F79EFBC}") = "Non_Stop_4_Tests", "Non_Stop_4_Tests\Non_Stop_4_Tests.csproj", "{C1A72106-F66A-422A-8F51-8F5EDC742648}"
EndProject
Global
	GlobalSection(SolutionConfigurationPlatforms) = preSolution
		Debug|Any CPU = Debug|Any CPU
		Release|Any CPU = Release|Any CPU
	EndGlobalSection
	GlobalSection(ProjectConfigurationPlatforms) = postSolution
		{19F3E97C-4F14-4701-8944-72CB4902600B}.Debug|Any CPU.ActiveCfg = Debug|Any CPU
		{19F3E97C-4F14-4701-8944-72CB4902600B}.Debug|Any CPU.Build.0 = Debug|Any CPU
		{19F3E97C-4F14-4701-8944-72CB4902600B}.Release|Any CPU.ActiveCfg = Release|Any CPU
		{19F3E97C-4F14-4701-8944-72CB4902600B}.Release|Any CPU.Build.0 = Release|Any CPU
		{E1A2F7FB-72A3-4555-9D96-685DA21F4C07}.Debug|Any CPU.ActiveCfg = Debug|Any CPU
		{E1A2F7FB-72A3-4555-9D96-685DA21F4C07}.Debug|Any CPU.Build.0 = Debug|Any CPU
		{E1A2F7FB-72A3-4555-9D96-685DA21F4C07}.Release|Any CPU.ActiveCfg = Release|Any CPU
		{E1A2F7FB-72A3-4555-9D96-685DA21F4C07}.Release|Any CPU.Build.0 = Release|Any CPU
		{CACC7C24-5E09-44BA-931D-06A71351CD80}.Debug|Any CPU.ActiveCfg = Debug|Any CPU
		{CACC7C24-5E09-44BA-931D-06A71351CD80}.Debug|Any CPU.Build.0 = Debug|Any CPU
		{CACC7C24-5E09-44BA-931D-06A71351CD80}.Release|Any CPU.ActiveCfg = Release|Any CPU
		{CACC7C24-5E09-44BA-931D-06A71351CD80}.Release|Any CPU.Build.0 = Release|Any CPU
		{C1A72106-F66A-422A-8F51-8F5EDC742648}.Debug|Any CPU.ActiveCfg = Debug|Any CPU
		{C1A72106-F66A-422A-8F51-8F5EDC742648}.Debug|Any CPU.Build.0 = Debug|Any CPU
		{C1A72106-F66A-422A-8F51-8F5EDC742648}.Release|Any CPU.ActiveCfg = Release|Any CPU
		{C1A72106-F66A-422A-8F51-8F5EDC742648}.Release|Any CPU.Build.0 = Release|Any CPU
	EndGlobalSection
	GlobalSection(SolutionProperties) = preSolution
		HideSolutionNode = FALSE
	EndGlobalSection
EndGlobal
