
Microsoft Visual Studio Solution File, Format Version 12.00
# Visual Studio 14
VisualStudioVersion = 14.0.25420.1
MinimumVisualStudioVersion = 10.0.40219.1
Project("{FAE04EC0-301F-11D3-BF4B-00C04F79EFBC}") = "Slightly_More_10", "Slightly_More_10\Slightly_More_10.csproj", "{97DC8E3F-D9D6-4DAE-865C-5FDE25B4B442}"
EndProject
Project("{FAE04EC0-301F-11D3-BF4B-00C04F79EFBC}") = "StartUp", "StartUp\StartUp.csproj", "{A5C6C0CA-47B8-4963-8752-36378141E859}"
EndProject
Project("{FAE04EC0-301F-11D3-BF4B-00C04F79EFBC}") = "Slightly_More_10_Messages", "Slightly_More_10_Messages\Slightly_More_10_Messages.csproj", "{04150BB7-9AF1-4F1B-BC7D-2CD5C2E15636}"
EndProject
Project("{FAE04EC0-301F-11D3-BF4B-00C04F79EFBC}") = "Slightly_More_10_Tests", "Slightly_More_10_Tests\Slightly_More_10_Tests.csproj", "{752D0736-B731-41EC-8615-BC3B6762BCEB}"
EndProject
Global
	GlobalSection(SolutionConfigurationPlatforms) = preSolution
		Debug|Any CPU = Debug|Any CPU
		Release|Any CPU = Release|Any CPU
	EndGlobalSection
	GlobalSection(ProjectConfigurationPlatforms) = postSolution
		{97DC8E3F-D9D6-4DAE-865C-5FDE25B4B442}.Debug|Any CPU.ActiveCfg = Debug|Any CPU
		{97DC8E3F-D9D6-4DAE-865C-5FDE25B4B442}.Debug|Any CPU.Build.0 = Debug|Any CPU
		{97DC8E3F-D9D6-4DAE-865C-5FDE25B4B442}.Release|Any CPU.ActiveCfg = Release|Any CPU
		{97DC8E3F-D9D6-4DAE-865C-5FDE25B4B442}.Release|Any CPU.Build.0 = Release|Any CPU
		{A5C6C0CA-47B8-4963-8752-36378141E859}.Debug|Any CPU.ActiveCfg = Debug|Any CPU
		{A5C6C0CA-47B8-4963-8752-36378141E859}.Debug|Any CPU.Build.0 = Debug|Any CPU
		{A5C6C0CA-47B8-4963-8752-36378141E859}.Release|Any CPU.ActiveCfg = Release|Any CPU
		{A5C6C0CA-47B8-4963-8752-36378141E859}.Release|Any CPU.Build.0 = Release|Any CPU
		{04150BB7-9AF1-4F1B-BC7D-2CD5C2E15636}.Debug|Any CPU.ActiveCfg = Debug|Any CPU
		{04150BB7-9AF1-4F1B-BC7D-2CD5C2E15636}.Debug|Any CPU.Build.0 = Debug|Any CPU
		{04150BB7-9AF1-4F1B-BC7D-2CD5C2E15636}.Release|Any CPU.ActiveCfg = Release|Any CPU
		{04150BB7-9AF1-4F1B-BC7D-2CD5C2E15636}.Release|Any CPU.Build.0 = Release|Any CPU
		{752D0736-B731-41EC-8615-BC3B6762BCEB}.Debug|Any CPU.ActiveCfg = Debug|Any CPU
		{752D0736-B731-41EC-8615-BC3B6762BCEB}.Debug|Any CPU.Build.0 = Debug|Any CPU
		{752D0736-B731-41EC-8615-BC3B6762BCEB}.Release|Any CPU.ActiveCfg = Release|Any CPU
		{752D0736-B731-41EC-8615-BC3B6762BCEB}.Release|Any CPU.Build.0 = Release|Any CPU
	EndGlobalSection
	GlobalSection(SolutionProperties) = preSolution
		HideSolutionNode = FALSE
	EndGlobalSection
EndGlobal
