
Microsoft Visual Studio Solution File, Format Version 12.00
# Visual Studio 14
VisualStudioVersion = 14.0.25420.1
MinimumVisualStudioVersion = 10.0.40219.1
Project("{FAE04EC0-301F-11D3-BF4B-00C04F79EFBC}") = "Vowel_Count", "Vowel_Count\Vowel_Count.csproj", "{588BC07F-2BA2-422D-AE04-70F49AE034B7}"
EndProject
Project("{FAE04EC0-301F-11D3-BF4B-00C04F79EFBC}") = "StartUp", "StartUp\StartUp.csproj", "{74229330-278B-4FBD-8CDE-128AC39AAFF4}"
EndProject
Project("{FAE04EC0-301F-11D3-BF4B-00C04F79EFBC}") = "Vowel_Count_Messages", "Vowel_Count_Messages\Vowel_Count_Messages.csproj", "{CF2CBFAC-2200-4207-A05D-E2DA78D4F135}"
EndProject
Project("{FAE04EC0-301F-11D3-BF4B-00C04F79EFBC}") = "Vowel_Count_Tests", "Vowel_Count_Tests\Vowel_Count_Tests.csproj", "{2D1A596C-5A61-4F2E-ACC9-20C5CDE84303}"
EndProject
Global
	GlobalSection(SolutionConfigurationPlatforms) = preSolution
		Debug|Any CPU = Debug|Any CPU
		Release|Any CPU = Release|Any CPU
	EndGlobalSection
	GlobalSection(ProjectConfigurationPlatforms) = postSolution
		{588BC07F-2BA2-422D-AE04-70F49AE034B7}.Debug|Any CPU.ActiveCfg = Debug|Any CPU
		{588BC07F-2BA2-422D-AE04-70F49AE034B7}.Debug|Any CPU.Build.0 = Debug|Any CPU
		{588BC07F-2BA2-422D-AE04-70F49AE034B7}.Release|Any CPU.ActiveCfg = Release|Any CPU
		{588BC07F-2BA2-422D-AE04-70F49AE034B7}.Release|Any CPU.Build.0 = Release|Any CPU
		{74229330-278B-4FBD-8CDE-128AC39AAFF4}.Debug|Any CPU.ActiveCfg = Debug|Any CPU
		{74229330-278B-4FBD-8CDE-128AC39AAFF4}.Debug|Any CPU.Build.0 = Debug|Any CPU
		{74229330-278B-4FBD-8CDE-128AC39AAFF4}.Release|Any CPU.ActiveCfg = Release|Any CPU
		{74229330-278B-4FBD-8CDE-128AC39AAFF4}.Release|Any CPU.Build.0 = Release|Any CPU
		{CF2CBFAC-2200-4207-A05D-E2DA78D4F135}.Debug|Any CPU.ActiveCfg = Debug|Any CPU
		{CF2CBFAC-2200-4207-A05D-E2DA78D4F135}.Debug|Any CPU.Build.0 = Debug|Any CPU
		{CF2CBFAC-2200-4207-A05D-E2DA78D4F135}.Release|Any CPU.ActiveCfg = Release|Any CPU
		{CF2CBFAC-2200-4207-A05D-E2DA78D4F135}.Release|Any CPU.Build.0 = Release|Any CPU
		{2D1A596C-5A61-4F2E-ACC9-20C5CDE84303}.Debug|Any CPU.ActiveCfg = Debug|Any CPU
		{2D1A596C-5A61-4F2E-ACC9-20C5CDE84303}.Debug|Any CPU.Build.0 = Debug|Any CPU
		{2D1A596C-5A61-4F2E-ACC9-20C5CDE84303}.Release|Any CPU.ActiveCfg = Release|Any CPU
		{2D1A596C-5A61-4F2E-ACC9-20C5CDE84303}.Release|Any CPU.Build.0 = Release|Any CPU
	EndGlobalSection
	GlobalSection(SolutionProperties) = preSolution
		HideSolutionNode = FALSE
	EndGlobalSection
EndGlobal
