
Microsoft Visual Studio Solution File, Format Version 12.00
# Visual Studio 14
VisualStudioVersion = 14.0.25420.1
MinimumVisualStudioVersion = 10.0.40219.1
Project("{FAE04EC0-301F-11D3-BF4B-00C04F79EFBC}") = "Triangular_Sequence", "Triangular_Sequence\Triangular_Sequence.csproj", "{4573C0DD-C431-4449-B8C3-6F8F09D5F6A1}"
EndProject
Project("{FAE04EC0-301F-11D3-BF4B-00C04F79EFBC}") = "StartUp", "StartUp\StartUp.csproj", "{E66F663A-93BC-4A68-ACB2-0E4BC2766040}"
EndProject
Project("{FAE04EC0-301F-11D3-BF4B-00C04F79EFBC}") = "Triangular_Sequence_Messages", "Triangular_Sequence_Messages\Triangular_Sequence_Messages.csproj", "{72C1997D-E3FC-4B92-B37E-47EEF221B787}"
EndProject
Project("{FAE04EC0-301F-11D3-BF4B-00C04F79EFBC}") = "Triangular_Sequence_Tests", "Triangular_Sequence_Tests\Triangular_Sequence_Tests.csproj", "{3548BB9C-899E-4DBB-B0FF-E32189687860}"
EndProject
Global
	GlobalSection(SolutionConfigurationPlatforms) = preSolution
		Debug|Any CPU = Debug|Any CPU
		Release|Any CPU = Release|Any CPU
	EndGlobalSection
	GlobalSection(ProjectConfigurationPlatforms) = postSolution
		{4573C0DD-C431-4449-B8C3-6F8F09D5F6A1}.Debug|Any CPU.ActiveCfg = Debug|Any CPU
		{4573C0DD-C431-4449-B8C3-6F8F09D5F6A1}.Debug|Any CPU.Build.0 = Debug|Any CPU
		{4573C0DD-C431-4449-B8C3-6F8F09D5F6A1}.Release|Any CPU.ActiveCfg = Release|Any CPU
		{4573C0DD-C431-4449-B8C3-6F8F09D5F6A1}.Release|Any CPU.Build.0 = Release|Any CPU
		{E66F663A-93BC-4A68-ACB2-0E4BC2766040}.Debug|Any CPU.ActiveCfg = Debug|Any CPU
		{E66F663A-93BC-4A68-ACB2-0E4BC2766040}.Debug|Any CPU.Build.0 = Debug|Any CPU
		{E66F663A-93BC-4A68-ACB2-0E4BC2766040}.Release|Any CPU.ActiveCfg = Release|Any CPU
		{E66F663A-93BC-4A68-ACB2-0E4BC2766040}.Release|Any CPU.Build.0 = Release|Any CPU
		{72C1997D-E3FC-4B92-B37E-47EEF221B787}.Debug|Any CPU.ActiveCfg = Debug|Any CPU
		{72C1997D-E3FC-4B92-B37E-47EEF221B787}.Debug|Any CPU.Build.0 = Debug|Any CPU
		{72C1997D-E3FC-4B92-B37E-47EEF221B787}.Release|Any CPU.ActiveCfg = Release|Any CPU
		{72C1997D-E3FC-4B92-B37E-47EEF221B787}.Release|Any CPU.Build.0 = Release|Any CPU
		{3548BB9C-899E-4DBB-B0FF-E32189687860}.Debug|Any CPU.ActiveCfg = Debug|Any CPU
		{3548BB9C-899E-4DBB-B0FF-E32189687860}.Debug|Any CPU.Build.0 = Debug|Any CPU
		{3548BB9C-899E-4DBB-B0FF-E32189687860}.Release|Any CPU.ActiveCfg = Release|Any CPU
		{3548BB9C-899E-4DBB-B0FF-E32189687860}.Release|Any CPU.Build.0 = Release|Any CPU
	EndGlobalSection
	GlobalSection(SolutionProperties) = preSolution
		HideSolutionNode = FALSE
	EndGlobalSection
EndGlobal
