
Microsoft Visual Studio Solution File, Format Version 12.00
# Visual Studio 14
VisualStudioVersion = 14.0.25420.1
MinimumVisualStudioVersion = 10.0.40219.1
Project("{FAE04EC0-301F-11D3-BF4B-00C04F79EFBC}") = "Calculator", "Calculator\Calculator.csproj", "{92424320-D7CE-41BD-AA66-8384F3CE351E}"
EndProject
Project("{FAE04EC0-301F-11D3-BF4B-00C04F79EFBC}") = "StartUp", "StartUp\StartUp.csproj", "{66877CA9-269C-49B4-A08E-DBE895CC19CD}"
EndProject
Project("{FAE04EC0-301F-11D3-BF4B-00C04F79EFBC}") = "Calculator_Messages", "Calculator_Messages\Calculator_Messages.csproj", "{4CC95D08-7A8D-4252-87EE-E62AA91EC002}"
EndProject
Project("{FAE04EC0-301F-11D3-BF4B-00C04F79EFBC}") = "Calculator_Tests", "Calculator_Tests\Calculator_Tests.csproj", "{BDE50862-5C0F-4C95-B9D6-AE9C871BBEE9}"
EndProject
Global
	GlobalSection(SolutionConfigurationPlatforms) = preSolution
		Debug|Any CPU = Debug|Any CPU
		Release|Any CPU = Release|Any CPU
	EndGlobalSection
	GlobalSection(ProjectConfigurationPlatforms) = postSolution
		{92424320-D7CE-41BD-AA66-8384F3CE351E}.Debug|Any CPU.ActiveCfg = Debug|Any CPU
		{92424320-D7CE-41BD-AA66-8384F3CE351E}.Debug|Any CPU.Build.0 = Debug|Any CPU
		{92424320-D7CE-41BD-AA66-8384F3CE351E}.Release|Any CPU.ActiveCfg = Release|Any CPU
		{92424320-D7CE-41BD-AA66-8384F3CE351E}.Release|Any CPU.Build.0 = Release|Any CPU
		{66877CA9-269C-49B4-A08E-DBE895CC19CD}.Debug|Any CPU.ActiveCfg = Debug|Any CPU
		{66877CA9-269C-49B4-A08E-DBE895CC19CD}.Debug|Any CPU.Build.0 = Debug|Any CPU
		{66877CA9-269C-49B4-A08E-DBE895CC19CD}.Release|Any CPU.ActiveCfg = Release|Any CPU
		{66877CA9-269C-49B4-A08E-DBE895CC19CD}.Release|Any CPU.Build.0 = Release|Any CPU
		{4CC95D08-7A8D-4252-87EE-E62AA91EC002}.Debug|Any CPU.ActiveCfg = Debug|Any CPU
		{4CC95D08-7A8D-4252-87EE-E62AA91EC002}.Debug|Any CPU.Build.0 = Debug|Any CPU
		{4CC95D08-7A8D-4252-87EE-E62AA91EC002}.Release|Any CPU.ActiveCfg = Release|Any CPU
		{4CC95D08-7A8D-4252-87EE-E62AA91EC002}.Release|Any CPU.Build.0 = Release|Any CPU
		{BDE50862-5C0F-4C95-B9D6-AE9C871BBEE9}.Debug|Any CPU.ActiveCfg = Debug|Any CPU
		{BDE50862-5C0F-4C95-B9D6-AE9C871BBEE9}.Debug|Any CPU.Build.0 = Debug|Any CPU
		{BDE50862-5C0F-4C95-B9D6-AE9C871BBEE9}.Release|Any CPU.ActiveCfg = Release|Any CPU
		{BDE50862-5C0F-4C95-B9D6-AE9C871BBEE9}.Release|Any CPU.Build.0 = Release|Any CPU
	EndGlobalSection
	GlobalSection(SolutionProperties) = preSolution
		HideSolutionNode = FALSE
	EndGlobalSection
EndGlobal
