
Microsoft Visual Studio Solution File, Format Version 12.00
# Visual Studio 14
VisualStudioVersion = 14.0.25420.1
MinimumVisualStudioVersion = 10.0.40219.1
Project("{FAE04EC0-301F-11D3-BF4B-00C04F79EFBC}") = "Fibonacci_Sequence", "Fibonacci_Sequence\Fibonacci_Sequence.csproj", "{A57D9F27-733F-44F8-A39A-6410510A0A3A}"
EndProject
Project("{FAE04EC0-301F-11D3-BF4B-00C04F79EFBC}") = "StartUp", "StartUp\StartUp.csproj", "{34CA6097-729D-43A9-85EF-907428661844}"
EndProject
Project("{FAE04EC0-301F-11D3-BF4B-00C04F79EFBC}") = "Fibonacci_Sequence_Messages", "Fibonacci_Sequence_Messages\Fibonacci_Sequence_Messages.csproj", "{8A676AFC-13CA-42FE-B1C7-D33C72769B7C}"
EndProject
Project("{FAE04EC0-301F-11D3-BF4B-00C04F79EFBC}") = "Fibonacci_Sequence_Tests", "Fibonacci_Sequence_Tests\Fibonacci_Sequence_Tests.csproj", "{8377648D-81FA-45A8-9A01-2BAC1DDA8831}"
EndProject
Global
	GlobalSection(SolutionConfigurationPlatforms) = preSolution
		Debug|Any CPU = Debug|Any CPU
		Release|Any CPU = Release|Any CPU
	EndGlobalSection
	GlobalSection(ProjectConfigurationPlatforms) = postSolution
		{A57D9F27-733F-44F8-A39A-6410510A0A3A}.Debug|Any CPU.ActiveCfg = Debug|Any CPU
		{A57D9F27-733F-44F8-A39A-6410510A0A3A}.Debug|Any CPU.Build.0 = Debug|Any CPU
		{A57D9F27-733F-44F8-A39A-6410510A0A3A}.Release|Any CPU.ActiveCfg = Release|Any CPU
		{A57D9F27-733F-44F8-A39A-6410510A0A3A}.Release|Any CPU.Build.0 = Release|Any CPU
		{34CA6097-729D-43A9-85EF-907428661844}.Debug|Any CPU.ActiveCfg = Debug|Any CPU
		{34CA6097-729D-43A9-85EF-907428661844}.Debug|Any CPU.Build.0 = Debug|Any CPU
		{34CA6097-729D-43A9-85EF-907428661844}.Release|Any CPU.ActiveCfg = Release|Any CPU
		{34CA6097-729D-43A9-85EF-907428661844}.Release|Any CPU.Build.0 = Release|Any CPU
		{8A676AFC-13CA-42FE-B1C7-D33C72769B7C}.Debug|Any CPU.ActiveCfg = Debug|Any CPU
		{8A676AFC-13CA-42FE-B1C7-D33C72769B7C}.Debug|Any CPU.Build.0 = Debug|Any CPU
		{8A676AFC-13CA-42FE-B1C7-D33C72769B7C}.Release|Any CPU.ActiveCfg = Release|Any CPU
		{8A676AFC-13CA-42FE-B1C7-D33C72769B7C}.Release|Any CPU.Build.0 = Release|Any CPU
		{8377648D-81FA-45A8-9A01-2BAC1DDA8831}.Debug|Any CPU.ActiveCfg = Debug|Any CPU
		{8377648D-81FA-45A8-9A01-2BAC1DDA8831}.Debug|Any CPU.Build.0 = Debug|Any CPU
		{8377648D-81FA-45A8-9A01-2BAC1DDA8831}.Release|Any CPU.ActiveCfg = Release|Any CPU
		{8377648D-81FA-45A8-9A01-2BAC1DDA8831}.Release|Any CPU.Build.0 = Release|Any CPU
	EndGlobalSection
	GlobalSection(SolutionProperties) = preSolution
		HideSolutionNode = FALSE
	EndGlobalSection
EndGlobal
