
Microsoft Visual Studio Solution File, Format Version 12.00
# Visual Studio 14
VisualStudioVersion = 14.0.25420.1
MinimumVisualStudioVersion = 10.0.40219.1
Project("{FAE04EC0-301F-11D3-BF4B-00C04F79EFBC}") = "Extra_Front", "Extra_Front\Extra_Front.csproj", "{C120632B-4786-436E-9D91-41C91C0ACCD7}"
EndProject
Project("{FAE04EC0-301F-11D3-BF4B-00C04F79EFBC}") = "StartUp", "StartUp\StartUp.csproj", "{C325B603-ECF2-4398-A5A2-8B7E38AD4269}"
EndProject
Project("{FAE04EC0-301F-11D3-BF4B-00C04F79EFBC}") = "Extra_Front_Messages", "Extra_Front_Messages\Extra_Front_Messages.csproj", "{269B13B8-0BD1-458A-86DD-BED98B50CC7F}"
EndProject
Project("{FAE04EC0-301F-11D3-BF4B-00C04F79EFBC}") = "Extra_Front_Tests", "Extra_Front_Tests\Extra_Front_Tests.csproj", "{F81578D6-EF52-4D7B-BB40-73303EB15486}"
EndProject
Global
	GlobalSection(SolutionConfigurationPlatforms) = preSolution
		Debug|Any CPU = Debug|Any CPU
		Release|Any CPU = Release|Any CPU
	EndGlobalSection
	GlobalSection(ProjectConfigurationPlatforms) = postSolution
		{C120632B-4786-436E-9D91-41C91C0ACCD7}.Debug|Any CPU.ActiveCfg = Debug|Any CPU
		{C120632B-4786-436E-9D91-41C91C0ACCD7}.Debug|Any CPU.Build.0 = Debug|Any CPU
		{C120632B-4786-436E-9D91-41C91C0ACCD7}.Release|Any CPU.ActiveCfg = Release|Any CPU
		{C120632B-4786-436E-9D91-41C91C0ACCD7}.Release|Any CPU.Build.0 = Release|Any CPU
		{C325B603-ECF2-4398-A5A2-8B7E38AD4269}.Debug|Any CPU.ActiveCfg = Debug|Any CPU
		{C325B603-ECF2-4398-A5A2-8B7E38AD4269}.Debug|Any CPU.Build.0 = Debug|Any CPU
		{C325B603-ECF2-4398-A5A2-8B7E38AD4269}.Release|Any CPU.ActiveCfg = Release|Any CPU
		{C325B603-ECF2-4398-A5A2-8B7E38AD4269}.Release|Any CPU.Build.0 = Release|Any CPU
		{269B13B8-0BD1-458A-86DD-BED98B50CC7F}.Debug|Any CPU.ActiveCfg = Debug|Any CPU
		{269B13B8-0BD1-458A-86DD-BED98B50CC7F}.Debug|Any CPU.Build.0 = Debug|Any CPU
		{269B13B8-0BD1-458A-86DD-BED98B50CC7F}.Release|Any CPU.ActiveCfg = Release|Any CPU
		{269B13B8-0BD1-458A-86DD-BED98B50CC7F}.Release|Any CPU.Build.0 = Release|Any CPU
		{F81578D6-EF52-4D7B-BB40-73303EB15486}.Debug|Any CPU.ActiveCfg = Debug|Any CPU
		{F81578D6-EF52-4D7B-BB40-73303EB15486}.Debug|Any CPU.Build.0 = Debug|Any CPU
		{F81578D6-EF52-4D7B-BB40-73303EB15486}.Release|Any CPU.ActiveCfg = Release|Any CPU
		{F81578D6-EF52-4D7B-BB40-73303EB15486}.Release|Any CPU.Build.0 = Release|Any CPU
	EndGlobalSection
	GlobalSection(SolutionProperties) = preSolution
		HideSolutionNode = FALSE
	EndGlobalSection
EndGlobal
