
Microsoft Visual Studio Solution File, Format Version 12.00
# Visual Studio 14
VisualStudioVersion = 14.0.25420.1
MinimumVisualStudioVersion = 10.0.40219.1
Project("{FAE04EC0-301F-11D3-BF4B-00C04F79EFBC}") = "Make_ABBA", "Make_ABBA\Make_ABBA.csproj", "{779FD2DE-D19C-48A2-996C-277C8F6D741B}"
EndProject
Project("{FAE04EC0-301F-11D3-BF4B-00C04F79EFBC}") = "StartUp", "StartUp\StartUp.csproj", "{DE59C632-A953-431F-B37C-378ABCB26344}"
EndProject
Project("{FAE04EC0-301F-11D3-BF4B-00C04F79EFBC}") = "Make_ABBA_Messages", "Make_ABBA_Messages\Make_ABBA_Messages.csproj", "{6E221A0C-A3B8-4C44-BA73-BE832F8239E1}"
EndProject
Project("{FAE04EC0-301F-11D3-BF4B-00C04F79EFBC}") = "Make_ABBA_Tests", "Make_ABBA_Tests\Make_ABBA_Tests.csproj", "{1EEB5F9A-63DF-478A-A1DA-FD44C3442D9F}"
EndProject
Global
	GlobalSection(SolutionConfigurationPlatforms) = preSolution
		Debug|Any CPU = Debug|Any CPU
		Release|Any CPU = Release|Any CPU
	EndGlobalSection
	GlobalSection(ProjectConfigurationPlatforms) = postSolution
		{779FD2DE-D19C-48A2-996C-277C8F6D741B}.Debug|Any CPU.ActiveCfg = Debug|Any CPU
		{779FD2DE-D19C-48A2-996C-277C8F6D741B}.Debug|Any CPU.Build.0 = Debug|Any CPU
		{779FD2DE-D19C-48A2-996C-277C8F6D741B}.Release|Any CPU.ActiveCfg = Release|Any CPU
		{779FD2DE-D19C-48A2-996C-277C8F6D741B}.Release|Any CPU.Build.0 = Release|Any CPU
		{DE59C632-A953-431F-B37C-378ABCB26344}.Debug|Any CPU.ActiveCfg = Debug|Any CPU
		{DE59C632-A953-431F-B37C-378ABCB26344}.Debug|Any CPU.Build.0 = Debug|Any CPU
		{DE59C632-A953-431F-B37C-378ABCB26344}.Release|Any CPU.ActiveCfg = Release|Any CPU
		{DE59C632-A953-431F-B37C-378ABCB26344}.Release|Any CPU.Build.0 = Release|Any CPU
		{6E221A0C-A3B8-4C44-BA73-BE832F8239E1}.Debug|Any CPU.ActiveCfg = Debug|Any CPU
		{6E221A0C-A3B8-4C44-BA73-BE832F8239E1}.Debug|Any CPU.Build.0 = Debug|Any CPU
		{6E221A0C-A3B8-4C44-BA73-BE832F8239E1}.Release|Any CPU.ActiveCfg = Release|Any CPU
		{6E221A0C-A3B8-4C44-BA73-BE832F8239E1}.Release|Any CPU.Build.0 = Release|Any CPU
		{1EEB5F9A-63DF-478A-A1DA-FD44C3442D9F}.Debug|Any CPU.ActiveCfg = Debug|Any CPU
		{1EEB5F9A-63DF-478A-A1DA-FD44C3442D9F}.Debug|Any CPU.Build.0 = Debug|Any CPU
		{1EEB5F9A-63DF-478A-A1DA-FD44C3442D9F}.Release|Any CPU.ActiveCfg = Release|Any CPU
		{1EEB5F9A-63DF-478A-A1DA-FD44C3442D9F}.Release|Any CPU.Build.0 = Release|Any CPU
	EndGlobalSection
	GlobalSection(SolutionProperties) = preSolution
		HideSolutionNode = FALSE
	EndGlobalSection
EndGlobal
