
Microsoft Visual Studio Solution File, Format Version 12.00
# Visual Studio 14
VisualStudioVersion = 14.0.25420.1
MinimumVisualStudioVersion = 10.0.40219.1
Project("{FAE04EC0-301F-11D3-BF4B-00C04F79EFBC}") = "Animals", "Animals\Animals.csproj", "{835EB9B3-5D44-4185-B230-A888E2CD7CD1}"
EndProject
Project("{FAE04EC0-301F-11D3-BF4B-00C04F79EFBC}") = "StartUp", "StartUp\StartUp.csproj", "{9DDB341D-BC7F-490D-A842-69C22F88AF8B}"
EndProject
Project("{FAE04EC0-301F-11D3-BF4B-00C04F79EFBC}") = "Animals_Messages", "Animals_Messages\Animals_Messages.csproj", "{CA8F9D9B-6314-4169-8691-ADAAA1562365}"
EndProject
Global
	GlobalSection(SolutionConfigurationPlatforms) = preSolution
		Debug|Any CPU = Debug|Any CPU
		Release|Any CPU = Release|Any CPU
	EndGlobalSection
	GlobalSection(ProjectConfigurationPlatforms) = postSolution
		{835EB9B3-5D44-4185-B230-A888E2CD7CD1}.Debug|Any CPU.ActiveCfg = Debug|Any CPU
		{835EB9B3-5D44-4185-B230-A888E2CD7CD1}.Debug|Any CPU.Build.0 = Debug|Any CPU
		{835EB9B3-5D44-4185-B230-A888E2CD7CD1}.Release|Any CPU.ActiveCfg = Release|Any CPU
		{835EB9B3-5D44-4185-B230-A888E2CD7CD1}.Release|Any CPU.Build.0 = Release|Any CPU
		{9DDB341D-BC7F-490D-A842-69C22F88AF8B}.Debug|Any CPU.ActiveCfg = Debug|Any CPU
		{9DDB341D-BC7F-490D-A842-69C22F88AF8B}.Debug|Any CPU.Build.0 = Debug|Any CPU
		{9DDB341D-BC7F-490D-A842-69C22F88AF8B}.Release|Any CPU.ActiveCfg = Release|Any CPU
		{9DDB341D-BC7F-490D-A842-69C22F88AF8B}.Release|Any CPU.Build.0 = Release|Any CPU
		{CA8F9D9B-6314-4169-8691-ADAAA1562365}.Debug|Any CPU.ActiveCfg = Debug|Any CPU
		{CA8F9D9B-6314-4169-8691-ADAAA1562365}.Debug|Any CPU.Build.0 = Debug|Any CPU
		{CA8F9D9B-6314-4169-8691-ADAAA1562365}.Release|Any CPU.ActiveCfg = Release|Any CPU
		{CA8F9D9B-6314-4169-8691-ADAAA1562365}.Release|Any CPU.Build.0 = Release|Any CPU
	EndGlobalSection
	GlobalSection(SolutionProperties) = preSolution
		HideSolutionNode = FALSE
	EndGlobalSection
EndGlobal
