
Microsoft Visual Studio Solution File, Format Version 12.00
# Visual Studio 14
VisualStudioVersion = 14.0.25420.1
MinimumVisualStudioVersion = 10.0.40219.1
Project("{FAE04EC0-301F-11D3-BF4B-00C04F79EFBC}") = "Slightly_More_50", "Slightly_More_50\Slightly_More_50.csproj", "{0714EDB2-711A-4AB2-9DA4-E287FF874EF1}"
EndProject
Project("{FAE04EC0-301F-11D3-BF4B-00C04F79EFBC}") = "StartUp", "StartUp\StartUp.csproj", "{94B7FDFB-D4FB-48A1-A083-9B50CE2119AF}"
EndProject
Project("{FAE04EC0-301F-11D3-BF4B-00C04F79EFBC}") = "Slightly_More_50_Messages", "Slightly_More_50_Messages\Slightly_More_50_Messages.csproj", "{28E42A6A-4759-486D-8F2E-31B21039C83C}"
EndProject
Project("{FAE04EC0-301F-11D3-BF4B-00C04F79EFBC}") = "Slightly_More_50_Tests", "Slightly_More_50_Tests\Slightly_More_50_Tests.csproj", "{631B1625-254E-48EA-8D91-0D3B06E18881}"
EndProject
Global
	GlobalSection(SolutionConfigurationPlatforms) = preSolution
		Debug|Any CPU = Debug|Any CPU
		Release|Any CPU = Release|Any CPU
	EndGlobalSection
	GlobalSection(ProjectConfigurationPlatforms) = postSolution
		{0714EDB2-711A-4AB2-9DA4-E287FF874EF1}.Debug|Any CPU.ActiveCfg = Debug|Any CPU
		{0714EDB2-711A-4AB2-9DA4-E287FF874EF1}.Debug|Any CPU.Build.0 = Debug|Any CPU
		{0714EDB2-711A-4AB2-9DA4-E287FF874EF1}.Release|Any CPU.ActiveCfg = Release|Any CPU
		{0714EDB2-711A-4AB2-9DA4-E287FF874EF1}.Release|Any CPU.Build.0 = Release|Any CPU
		{94B7FDFB-D4FB-48A1-A083-9B50CE2119AF}.Debug|Any CPU.ActiveCfg = Debug|Any CPU
		{94B7FDFB-D4FB-48A1-A083-9B50CE2119AF}.Debug|Any CPU.Build.0 = Debug|Any CPU
		{94B7FDFB-D4FB-48A1-A083-9B50CE2119AF}.Release|Any CPU.ActiveCfg = Release|Any CPU
		{94B7FDFB-D4FB-48A1-A083-9B50CE2119AF}.Release|Any CPU.Build.0 = Release|Any CPU
		{28E42A6A-4759-486D-8F2E-31B21039C83C}.Debug|Any CPU.ActiveCfg = Debug|Any CPU
		{28E42A6A-4759-486D-8F2E-31B21039C83C}.Debug|Any CPU.Build.0 = Debug|Any CPU
		{28E42A6A-4759-486D-8F2E-31B21039C83C}.Release|Any CPU.ActiveCfg = Release|Any CPU
		{28E42A6A-4759-486D-8F2E-31B21039C83C}.Release|Any CPU.Build.0 = Release|Any CPU
		{631B1625-254E-48EA-8D91-0D3B06E18881}.Debug|Any CPU.ActiveCfg = Debug|Any CPU
		{631B1625-254E-48EA-8D91-0D3B06E18881}.Debug|Any CPU.Build.0 = Debug|Any CPU
		{631B1625-254E-48EA-8D91-0D3B06E18881}.Release|Any CPU.ActiveCfg = Release|Any CPU
		{631B1625-254E-48EA-8D91-0D3B06E18881}.Release|Any CPU.Build.0 = Release|Any CPU
	EndGlobalSection
	GlobalSection(SolutionProperties) = preSolution
		HideSolutionNode = FALSE
	EndGlobalSection
EndGlobal
