
Microsoft Visual Studio Solution File, Format Version 12.00
# Visual Studio 14
VisualStudioVersion = 14.0.25420.1
MinimumVisualStudioVersion = 10.0.40219.1
Project("{FAE04EC0-301F-11D3-BF4B-00C04F79EFBC}") = "Mean_Median_Mode", "Mean_Median_Mode\Mean_Median_Mode.csproj", "{0BC109A5-C106-4955-AAE4-A571D68388D1}"
EndProject
Project("{FAE04EC0-301F-11D3-BF4B-00C04F79EFBC}") = "StartUp", "StartUp\StartUp.csproj", "{68183386-36DE-4FB4-B875-0F964A32CC19}"
EndProject
Project("{FAE04EC0-301F-11D3-BF4B-00C04F79EFBC}") = "Mean_Median_Mode_Messages", "Mean_Median_Mode_Messages\Mean_Median_Mode_Messages.csproj", "{4C546BAE-F4EB-4CF3-BDB1-0C859ABC83BC}"
EndProject
Project("{FAE04EC0-301F-11D3-BF4B-00C04F79EFBC}") = "Mean_Median_Mode_Tests", "Mean_Median_Mode_Tests\Mean_Median_Mode_Tests.csproj", "{02329880-4C78-45A7-A017-0FEEC14CAC44}"
EndProject
Global
	GlobalSection(SolutionConfigurationPlatforms) = preSolution
		Debug|Any CPU = Debug|Any CPU
		Release|Any CPU = Release|Any CPU
	EndGlobalSection
	GlobalSection(ProjectConfigurationPlatforms) = postSolution
		{0BC109A5-C106-4955-AAE4-A571D68388D1}.Debug|Any CPU.ActiveCfg = Debug|Any CPU
		{0BC109A5-C106-4955-AAE4-A571D68388D1}.Debug|Any CPU.Build.0 = Debug|Any CPU
		{0BC109A5-C106-4955-AAE4-A571D68388D1}.Release|Any CPU.ActiveCfg = Release|Any CPU
		{0BC109A5-C106-4955-AAE4-A571D68388D1}.Release|Any CPU.Build.0 = Release|Any CPU
		{68183386-36DE-4FB4-B875-0F964A32CC19}.Debug|Any CPU.ActiveCfg = Debug|Any CPU
		{68183386-36DE-4FB4-B875-0F964A32CC19}.Debug|Any CPU.Build.0 = Debug|Any CPU
		{68183386-36DE-4FB4-B875-0F964A32CC19}.Release|Any CPU.ActiveCfg = Release|Any CPU
		{68183386-36DE-4FB4-B875-0F964A32CC19}.Release|Any CPU.Build.0 = Release|Any CPU
		{4C546BAE-F4EB-4CF3-BDB1-0C859ABC83BC}.Debug|Any CPU.ActiveCfg = Debug|Any CPU
		{4C546BAE-F4EB-4CF3-BDB1-0C859ABC83BC}.Debug|Any CPU.Build.0 = Debug|Any CPU
		{4C546BAE-F4EB-4CF3-BDB1-0C859ABC83BC}.Release|Any CPU.ActiveCfg = Release|Any CPU
		{4C546BAE-F4EB-4CF3-BDB1-0C859ABC83BC}.Release|Any CPU.Build.0 = Release|Any CPU
		{02329880-4C78-45A7-A017-0FEEC14CAC44}.Debug|Any CPU.ActiveCfg = Debug|Any CPU
		{02329880-4C78-45A7-A017-0FEEC14CAC44}.Debug|Any CPU.Build.0 = Debug|Any CPU
		{02329880-4C78-45A7-A017-0FEEC14CAC44}.Release|Any CPU.ActiveCfg = Release|Any CPU
		{02329880-4C78-45A7-A017-0FEEC14CAC44}.Release|Any CPU.Build.0 = Release|Any CPU
	EndGlobalSection
	GlobalSection(SolutionProperties) = preSolution
		HideSolutionNode = FALSE
	EndGlobalSection
EndGlobal
