
Microsoft Visual Studio Solution File, Format Version 12.00
# Visual Studio 14
VisualStudioVersion = 14.0.25420.1
MinimumVisualStudioVersion = 10.0.40219.1
Project("{FAE04EC0-301F-11D3-BF4B-00C04F79EFBC}") = "Two_Three", "Two_Three\Two_Three.csproj", "{19B0CE86-E177-4D5B-B868-DF2493D892CC}"
EndProject
Project("{FAE04EC0-301F-11D3-BF4B-00C04F79EFBC}") = "StartUp", "StartUp\StartUp.csproj", "{192C483B-24CB-414B-ACDE-25ED57A9755E}"
EndProject
Project("{FAE04EC0-301F-11D3-BF4B-00C04F79EFBC}") = "Two_Three_Messages", "Two_Three_Messages\Two_Three_Messages.csproj", "{F50DA09A-3723-43F0-BAC4-6A7A9CC2045A}"
EndProject
Project("{FAE04EC0-301F-11D3-BF4B-00C04F79EFBC}") = "Two_Three_Tests", "Two_Three_Tests\Two_Three_Tests.csproj", "{2F89534C-B15C-4751-AE92-82D5809F9E8B}"
EndProject
Global
	GlobalSection(SolutionConfigurationPlatforms) = preSolution
		Debug|Any CPU = Debug|Any CPU
		Release|Any CPU = Release|Any CPU
	EndGlobalSection
	GlobalSection(ProjectConfigurationPlatforms) = postSolution
		{19B0CE86-E177-4D5B-B868-DF2493D892CC}.Debug|Any CPU.ActiveCfg = Debug|Any CPU
		{19B0CE86-E177-4D5B-B868-DF2493D892CC}.Debug|Any CPU.Build.0 = Debug|Any CPU
		{19B0CE86-E177-4D5B-B868-DF2493D892CC}.Release|Any CPU.ActiveCfg = Release|Any CPU
		{19B0CE86-E177-4D5B-B868-DF2493D892CC}.Release|Any CPU.Build.0 = Release|Any CPU
		{192C483B-24CB-414B-ACDE-25ED57A9755E}.Debug|Any CPU.ActiveCfg = Debug|Any CPU
		{192C483B-24CB-414B-ACDE-25ED57A9755E}.Debug|Any CPU.Build.0 = Debug|Any CPU
		{192C483B-24CB-414B-ACDE-25ED57A9755E}.Release|Any CPU.ActiveCfg = Release|Any CPU
		{192C483B-24CB-414B-ACDE-25ED57A9755E}.Release|Any CPU.Build.0 = Release|Any CPU
		{F50DA09A-3723-43F0-BAC4-6A7A9CC2045A}.Debug|Any CPU.ActiveCfg = Debug|Any CPU
		{F50DA09A-3723-43F0-BAC4-6A7A9CC2045A}.Debug|Any CPU.Build.0 = Debug|Any CPU
		{F50DA09A-3723-43F0-BAC4-6A7A9CC2045A}.Release|Any CPU.ActiveCfg = Release|Any CPU
		{F50DA09A-3723-43F0-BAC4-6A7A9CC2045A}.Release|Any CPU.Build.0 = Release|Any CPU
		{2F89534C-B15C-4751-AE92-82D5809F9E8B}.Debug|Any CPU.ActiveCfg = Debug|Any CPU
		{2F89534C-B15C-4751-AE92-82D5809F9E8B}.Debug|Any CPU.Build.0 = Debug|Any CPU
		{2F89534C-B15C-4751-AE92-82D5809F9E8B}.Release|Any CPU.ActiveCfg = Release|Any CPU
		{2F89534C-B15C-4751-AE92-82D5809F9E8B}.Release|Any CPU.Build.0 = Release|Any CPU
	EndGlobalSection
	GlobalSection(SolutionProperties) = preSolution
		HideSolutionNode = FALSE
	EndGlobalSection
EndGlobal
