
Microsoft Visual Studio Solution File, Format Version 12.00
# Visual Studio 14
VisualStudioVersion = 14.0.25420.1
MinimumVisualStudioVersion = 10.0.40219.1
Project("{FAE04EC0-301F-11D3-BF4B-00C04F79EFBC}") = "Last_Digit_4", "Last_Digit_4\Last_Digit_4.csproj", "{F8B19626-1445-4498-99E8-69E09C075836}"
EndProject
Project("{FAE04EC0-301F-11D3-BF4B-00C04F79EFBC}") = "StartUp", "StartUp\StartUp.csproj", "{6E4DC05F-0234-4B7B-B0F0-646155A4C84A}"
EndProject
Project("{FAE04EC0-301F-11D3-BF4B-00C04F79EFBC}") = "Last_Digit_4_Messages", "Last_Digit_4_Messages\Last_Digit_4_Messages.csproj", "{A02A295B-07B2-40F8-A013-101452544286}"
EndProject
Project("{FAE04EC0-301F-11D3-BF4B-00C04F79EFBC}") = "Last_Digit_4_Tests", "Last_Digit_4_Tests\Last_Digit_4_Tests.csproj", "{FF6DD9CF-9A38-4210-B3E0-078DBF686932}"
EndProject
Global
	GlobalSection(SolutionConfigurationPlatforms) = preSolution
		Debug|Any CPU = Debug|Any CPU
		Release|Any CPU = Release|Any CPU
	EndGlobalSection
	GlobalSection(ProjectConfigurationPlatforms) = postSolution
		{F8B19626-1445-4498-99E8-69E09C075836}.Debug|Any CPU.ActiveCfg = Debug|Any CPU
		{F8B19626-1445-4498-99E8-69E09C075836}.Debug|Any CPU.Build.0 = Debug|Any CPU
		{F8B19626-1445-4498-99E8-69E09C075836}.Release|Any CPU.ActiveCfg = Release|Any CPU
		{F8B19626-1445-4498-99E8-69E09C075836}.Release|Any CPU.Build.0 = Release|Any CPU
		{6E4DC05F-0234-4B7B-B0F0-646155A4C84A}.Debug|Any CPU.ActiveCfg = Debug|Any CPU
		{6E4DC05F-0234-4B7B-B0F0-646155A4C84A}.Debug|Any CPU.Build.0 = Debug|Any CPU
		{6E4DC05F-0234-4B7B-B0F0-646155A4C84A}.Release|Any CPU.ActiveCfg = Release|Any CPU
		{6E4DC05F-0234-4B7B-B0F0-646155A4C84A}.Release|Any CPU.Build.0 = Release|Any CPU
		{A02A295B-07B2-40F8-A013-101452544286}.Debug|Any CPU.ActiveCfg = Debug|Any CPU
		{A02A295B-07B2-40F8-A013-101452544286}.Debug|Any CPU.Build.0 = Debug|Any CPU
		{A02A295B-07B2-40F8-A013-101452544286}.Release|Any CPU.ActiveCfg = Release|Any CPU
		{A02A295B-07B2-40F8-A013-101452544286}.Release|Any CPU.Build.0 = Release|Any CPU
		{FF6DD9CF-9A38-4210-B3E0-078DBF686932}.Debug|Any CPU.ActiveCfg = Debug|Any CPU
		{FF6DD9CF-9A38-4210-B3E0-078DBF686932}.Debug|Any CPU.Build.0 = Debug|Any CPU
		{FF6DD9CF-9A38-4210-B3E0-078DBF686932}.Release|Any CPU.ActiveCfg = Release|Any CPU
		{FF6DD9CF-9A38-4210-B3E0-078DBF686932}.Release|Any CPU.Build.0 = Release|Any CPU
	EndGlobalSection
	GlobalSection(SolutionProperties) = preSolution
		HideSolutionNode = FALSE
	EndGlobalSection
EndGlobal
