
Microsoft Visual Studio Solution File, Format Version 12.00
# Visual Studio 14
VisualStudioVersion = 14.0.25420.1
MinimumVisualStudioVersion = 10.0.40219.1
Project("{FAE04EC0-301F-11D3-BF4B-00C04F79EFBC}") = "Front_5", "Front_5\Front_5.csproj", "{0D35A056-1525-480A-AB20-37F0C18736FD}"
EndProject
Project("{FAE04EC0-301F-11D3-BF4B-00C04F79EFBC}") = "StartUp", "StartUp\StartUp.csproj", "{4B240E56-C82F-469A-A885-113AA7F9DCAC}"
EndProject
Project("{FAE04EC0-301F-11D3-BF4B-00C04F79EFBC}") = "Front_5_Messages", "Front_5_Messages\Front_5_Messages.csproj", "{62B1D78D-13F1-4C3F-9029-52AB94CDC324}"
EndProject
Project("{FAE04EC0-301F-11D3-BF4B-00C04F79EFBC}") = "Front_5_Tests", "Front_5_Tests\Front_5_Tests.csproj", "{5230D6B7-C5FB-41E9-96A3-44568AA10ACB}"
EndProject
Global
	GlobalSection(SolutionConfigurationPlatforms) = preSolution
		Debug|Any CPU = Debug|Any CPU
		Release|Any CPU = Release|Any CPU
	EndGlobalSection
	GlobalSection(ProjectConfigurationPlatforms) = postSolution
		{0D35A056-1525-480A-AB20-37F0C18736FD}.Debug|Any CPU.ActiveCfg = Debug|Any CPU
		{0D35A056-1525-480A-AB20-37F0C18736FD}.Debug|Any CPU.Build.0 = Debug|Any CPU
		{0D35A056-1525-480A-AB20-37F0C18736FD}.Release|Any CPU.ActiveCfg = Release|Any CPU
		{0D35A056-1525-480A-AB20-37F0C18736FD}.Release|Any CPU.Build.0 = Release|Any CPU
		{4B240E56-C82F-469A-A885-113AA7F9DCAC}.Debug|Any CPU.ActiveCfg = Debug|Any CPU
		{4B240E56-C82F-469A-A885-113AA7F9DCAC}.Debug|Any CPU.Build.0 = Debug|Any CPU
		{4B240E56-C82F-469A-A885-113AA7F9DCAC}.Release|Any CPU.ActiveCfg = Release|Any CPU
		{4B240E56-C82F-469A-A885-113AA7F9DCAC}.Release|Any CPU.Build.0 = Release|Any CPU
		{62B1D78D-13F1-4C3F-9029-52AB94CDC324}.Debug|Any CPU.ActiveCfg = Debug|Any CPU
		{62B1D78D-13F1-4C3F-9029-52AB94CDC324}.Debug|Any CPU.Build.0 = Debug|Any CPU
		{62B1D78D-13F1-4C3F-9029-52AB94CDC324}.Release|Any CPU.ActiveCfg = Release|Any CPU
		{62B1D78D-13F1-4C3F-9029-52AB94CDC324}.Release|Any CPU.Build.0 = Release|Any CPU
		{5230D6B7-C5FB-41E9-96A3-44568AA10ACB}.Debug|Any CPU.ActiveCfg = Debug|Any CPU
		{5230D6B7-C5FB-41E9-96A3-44568AA10ACB}.Debug|Any CPU.Build.0 = Debug|Any CPU
		{5230D6B7-C5FB-41E9-96A3-44568AA10ACB}.Release|Any CPU.ActiveCfg = Release|Any CPU
		{5230D6B7-C5FB-41E9-96A3-44568AA10ACB}.Release|Any CPU.Build.0 = Release|Any CPU
	EndGlobalSection
	GlobalSection(SolutionProperties) = preSolution
		HideSolutionNode = FALSE
	EndGlobalSection
EndGlobal
