
Microsoft Visual Studio Solution File, Format Version 12.00
# Visual Studio 14
VisualStudioVersion = 14.0.25420.1
MinimumVisualStudioVersion = 10.0.40219.1
Project("{FAE04EC0-301F-11D3-BF4B-00C04F79EFBC}") = "Slightly_More_40", "Slightly_More_40\Slightly_More_40.csproj", "{4BE2A702-39EF-400B-A746-9D780CF62077}"
EndProject
Project("{FAE04EC0-301F-11D3-BF4B-00C04F79EFBC}") = "StartUp", "StartUp\StartUp.csproj", "{2DA21EEE-B208-4D67-80C2-6E2BFAD113A8}"
EndProject
Project("{FAE04EC0-301F-11D3-BF4B-00C04F79EFBC}") = "Slightly_More_40_Messages", "Slightly_More_40_Messages\Slightly_More_40_Messages.csproj", "{07940043-A92B-40C5-8275-6083B59F8D9E}"
EndProject
Project("{FAE04EC0-301F-11D3-BF4B-00C04F79EFBC}") = "Slightly_More_40_Tests", "Slightly_More_40_Tests\Slightly_More_40_Tests.csproj", "{FE1738AB-77AB-462D-BE3A-7FB5D8BA51ED}"
EndProject
Global
	GlobalSection(SolutionConfigurationPlatforms) = preSolution
		Debug|Any CPU = Debug|Any CPU
		Release|Any CPU = Release|Any CPU
	EndGlobalSection
	GlobalSection(ProjectConfigurationPlatforms) = postSolution
		{4BE2A702-39EF-400B-A746-9D780CF62077}.Debug|Any CPU.ActiveCfg = Debug|Any CPU
		{4BE2A702-39EF-400B-A746-9D780CF62077}.Debug|Any CPU.Build.0 = Debug|Any CPU
		{4BE2A702-39EF-400B-A746-9D780CF62077}.Release|Any CPU.ActiveCfg = Release|Any CPU
		{4BE2A702-39EF-400B-A746-9D780CF62077}.Release|Any CPU.Build.0 = Release|Any CPU
		{2DA21EEE-B208-4D67-80C2-6E2BFAD113A8}.Debug|Any CPU.ActiveCfg = Debug|Any CPU
		{2DA21EEE-B208-4D67-80C2-6E2BFAD113A8}.Debug|Any CPU.Build.0 = Debug|Any CPU
		{2DA21EEE-B208-4D67-80C2-6E2BFAD113A8}.Release|Any CPU.ActiveCfg = Release|Any CPU
		{2DA21EEE-B208-4D67-80C2-6E2BFAD113A8}.Release|Any CPU.Build.0 = Release|Any CPU
		{07940043-A92B-40C5-8275-6083B59F8D9E}.Debug|Any CPU.ActiveCfg = Debug|Any CPU
		{07940043-A92B-40C5-8275-6083B59F8D9E}.Debug|Any CPU.Build.0 = Debug|Any CPU
		{07940043-A92B-40C5-8275-6083B59F8D9E}.Release|Any CPU.ActiveCfg = Release|Any CPU
		{07940043-A92B-40C5-8275-6083B59F8D9E}.Release|Any CPU.Build.0 = Release|Any CPU
		{FE1738AB-77AB-462D-BE3A-7FB5D8BA51ED}.Debug|Any CPU.ActiveCfg = Debug|Any CPU
		{FE1738AB-77AB-462D-BE3A-7FB5D8BA51ED}.Debug|Any CPU.Build.0 = Debug|Any CPU
		{FE1738AB-77AB-462D-BE3A-7FB5D8BA51ED}.Release|Any CPU.ActiveCfg = Release|Any CPU
		{FE1738AB-77AB-462D-BE3A-7FB5D8BA51ED}.Release|Any CPU.Build.0 = Release|Any CPU
	EndGlobalSection
	GlobalSection(SolutionProperties) = preSolution
		HideSolutionNode = FALSE
	EndGlobalSection
EndGlobal
