
Microsoft Visual Studio Solution File, Format Version 12.00
# Visual Studio 14
VisualStudioVersion = 14.0.25420.1
MinimumVisualStudioVersion = 10.0.40219.1
Project("{FAE04EC0-301F-11D3-BF4B-00C04F79EFBC}") = "Triple_Characters", "Triple_Characters\Triple_Characters.csproj", "{F2AD3C35-58CC-4301-BAC2-884AA9877DB6}"
EndProject
Project("{FAE04EC0-301F-11D3-BF4B-00C04F79EFBC}") = "StartUp", "StartUp\StartUp.csproj", "{BF187F47-3F28-4CB7-90E9-D1A664E29137}"
EndProject
Project("{FAE04EC0-301F-11D3-BF4B-00C04F79EFBC}") = "Triple_Characters_Messages", "Triple_Characters_Messages\Triple_Characters_Messages.csproj", "{44639563-F43A-40AD-B0D5-C486291D0176}"
EndProject
Project("{FAE04EC0-301F-11D3-BF4B-00C04F79EFBC}") = "Triple_Characters_Tests", "Triple_Characters_Tests\Triple_Characters_Tests.csproj", "{F4B53CFE-0EE0-448F-B003-B245EB99A016}"
EndProject
Global
	GlobalSection(SolutionConfigurationPlatforms) = preSolution
		Debug|Any CPU = Debug|Any CPU
		Release|Any CPU = Release|Any CPU
	EndGlobalSection
	GlobalSection(ProjectConfigurationPlatforms) = postSolution
		{F2AD3C35-58CC-4301-BAC2-884AA9877DB6}.Debug|Any CPU.ActiveCfg = Debug|Any CPU
		{F2AD3C35-58CC-4301-BAC2-884AA9877DB6}.Debug|Any CPU.Build.0 = Debug|Any CPU
		{F2AD3C35-58CC-4301-BAC2-884AA9877DB6}.Release|Any CPU.ActiveCfg = Release|Any CPU
		{F2AD3C35-58CC-4301-BAC2-884AA9877DB6}.Release|Any CPU.Build.0 = Release|Any CPU
		{BF187F47-3F28-4CB7-90E9-D1A664E29137}.Debug|Any CPU.ActiveCfg = Debug|Any CPU
		{BF187F47-3F28-4CB7-90E9-D1A664E29137}.Debug|Any CPU.Build.0 = Debug|Any CPU
		{BF187F47-3F28-4CB7-90E9-D1A664E29137}.Release|Any CPU.ActiveCfg = Release|Any CPU
		{BF187F47-3F28-4CB7-90E9-D1A664E29137}.Release|Any CPU.Build.0 = Release|Any CPU
		{44639563-F43A-40AD-B0D5-C486291D0176}.Debug|Any CPU.ActiveCfg = Debug|Any CPU
		{44639563-F43A-40AD-B0D5-C486291D0176}.Debug|Any CPU.Build.0 = Debug|Any CPU
		{44639563-F43A-40AD-B0D5-C486291D0176}.Release|Any CPU.ActiveCfg = Release|Any CPU
		{44639563-F43A-40AD-B0D5-C486291D0176}.Release|Any CPU.Build.0 = Release|Any CPU
		{F4B53CFE-0EE0-448F-B003-B245EB99A016}.Debug|Any CPU.ActiveCfg = Debug|Any CPU
		{F4B53CFE-0EE0-448F-B003-B245EB99A016}.Debug|Any CPU.Build.0 = Debug|Any CPU
		{F4B53CFE-0EE0-448F-B003-B245EB99A016}.Release|Any CPU.ActiveCfg = Release|Any CPU
		{F4B53CFE-0EE0-448F-B003-B245EB99A016}.Release|Any CPU.Build.0 = Release|Any CPU
	EndGlobalSection
	GlobalSection(SolutionProperties) = preSolution
		HideSolutionNode = FALSE
	EndGlobalSection
EndGlobal
