
Microsoft Visual Studio Solution File, Format Version 12.00
# Visual Studio 14
VisualStudioVersion = 14.0.25420.1
MinimumVisualStudioVersion = 10.0.40219.1
Project("{FAE04EC0-301F-11D3-BF4B-00C04F79EFBC}") = "OuncesToGrams", "OuncesToGrams\OuncesToGrams.csproj", "{F44F37AC-7464-436E-8E9A-6EB5A9CD5088}"
EndProject
Project("{FAE04EC0-301F-11D3-BF4B-00C04F79EFBC}") = "StartUp", "StartUp\StartUp.csproj", "{0AE9BD16-3E4A-4ADD-86FC-E1DBB5512701}"
EndProject
Project("{FAE04EC0-301F-11D3-BF4B-00C04F79EFBC}") = "OuncesToGrams_Messages", "OuncesToGrams_Messages\OuncesToGrams_Messages.csproj", "{CFA1289E-E081-4043-BD54-3E3755FA4D49}"
EndProject
Project("{FAE04EC0-301F-11D3-BF4B-00C04F79EFBC}") = "OuncesToGrams_Tests", "OuncesToGrams_Tests\OuncesToGrams_Tests.csproj", "{718A2818-975C-4CB3-9E72-02E09DE10BED}"
EndProject
Global
	GlobalSection(SolutionConfigurationPlatforms) = preSolution
		Debug|Any CPU = Debug|Any CPU
		Release|Any CPU = Release|Any CPU
	EndGlobalSection
	GlobalSection(ProjectConfigurationPlatforms) = postSolution
		{F44F37AC-7464-436E-8E9A-6EB5A9CD5088}.Debug|Any CPU.ActiveCfg = Debug|Any CPU
		{F44F37AC-7464-436E-8E9A-6EB5A9CD5088}.Debug|Any CPU.Build.0 = Debug|Any CPU
		{F44F37AC-7464-436E-8E9A-6EB5A9CD5088}.Release|Any CPU.ActiveCfg = Release|Any CPU
		{F44F37AC-7464-436E-8E9A-6EB5A9CD5088}.Release|Any CPU.Build.0 = Release|Any CPU
		{0AE9BD16-3E4A-4ADD-86FC-E1DBB5512701}.Debug|Any CPU.ActiveCfg = Debug|Any CPU
		{0AE9BD16-3E4A-4ADD-86FC-E1DBB5512701}.Debug|Any CPU.Build.0 = Debug|Any CPU
		{0AE9BD16-3E4A-4ADD-86FC-E1DBB5512701}.Release|Any CPU.ActiveCfg = Release|Any CPU
		{0AE9BD16-3E4A-4ADD-86FC-E1DBB5512701}.Release|Any CPU.Build.0 = Release|Any CPU
		{CFA1289E-E081-4043-BD54-3E3755FA4D49}.Debug|Any CPU.ActiveCfg = Debug|Any CPU
		{CFA1289E-E081-4043-BD54-3E3755FA4D49}.Debug|Any CPU.Build.0 = Debug|Any CPU
		{CFA1289E-E081-4043-BD54-3E3755FA4D49}.Release|Any CPU.ActiveCfg = Release|Any CPU
		{CFA1289E-E081-4043-BD54-3E3755FA4D49}.Release|Any CPU.Build.0 = Release|Any CPU
		{718A2818-975C-4CB3-9E72-02E09DE10BED}.Debug|Any CPU.ActiveCfg = Debug|Any CPU
		{718A2818-975C-4CB3-9E72-02E09DE10BED}.Debug|Any CPU.Build.0 = Debug|Any CPU
		{718A2818-975C-4CB3-9E72-02E09DE10BED}.Release|Any CPU.ActiveCfg = Release|Any CPU
		{718A2818-975C-4CB3-9E72-02E09DE10BED}.Release|Any CPU.Build.0 = Release|Any CPU
	EndGlobalSection
	GlobalSection(SolutionProperties) = preSolution
		HideSolutionNode = FALSE
	EndGlobalSection
EndGlobal
