
Microsoft Visual Studio Solution File, Format Version 12.00
# Visual Studio 14
VisualStudioVersion = 14.0.25420.1
MinimumVisualStudioVersion = 10.0.40219.1
Project("{FAE04EC0-301F-11D3-BF4B-00C04F79EFBC}") = "Tangent", "Tangent\Tangent.csproj", "{DDB19977-6131-4EA3-9727-CDE36CB98EE7}"
EndProject
Project("{FAE04EC0-301F-11D3-BF4B-00C04F79EFBC}") = "StartUp", "StartUp\StartUp.csproj", "{74E85594-30A3-4007-AEA4-8B54123CF1BE}"
EndProject
Project("{FAE04EC0-301F-11D3-BF4B-00C04F79EFBC}") = "Tangent_Messages", "Tangent_Messages\Tangent_Messages.csproj", "{05B0B58F-1200-483B-A4B8-19C707EEDE68}"
EndProject
Project("{FAE04EC0-301F-11D3-BF4B-00C04F79EFBC}") = "Tangent_Tests", "Tangent_Tests\Tangent_Tests.csproj", "{948A0493-8B30-41E3-A75A-9985F6A82AF1}"
EndProject
Global
	GlobalSection(SolutionConfigurationPlatforms) = preSolution
		Debug|Any CPU = Debug|Any CPU
		Release|Any CPU = Release|Any CPU
	EndGlobalSection
	GlobalSection(ProjectConfigurationPlatforms) = postSolution
		{DDB19977-6131-4EA3-9727-CDE36CB98EE7}.Debug|Any CPU.ActiveCfg = Debug|Any CPU
		{DDB19977-6131-4EA3-9727-CDE36CB98EE7}.Debug|Any CPU.Build.0 = Debug|Any CPU
		{DDB19977-6131-4EA3-9727-CDE36CB98EE7}.Release|Any CPU.ActiveCfg = Release|Any CPU
		{DDB19977-6131-4EA3-9727-CDE36CB98EE7}.Release|Any CPU.Build.0 = Release|Any CPU
		{74E85594-30A3-4007-AEA4-8B54123CF1BE}.Debug|Any CPU.ActiveCfg = Debug|Any CPU
		{74E85594-30A3-4007-AEA4-8B54123CF1BE}.Debug|Any CPU.Build.0 = Debug|Any CPU
		{74E85594-30A3-4007-AEA4-8B54123CF1BE}.Release|Any CPU.ActiveCfg = Release|Any CPU
		{74E85594-30A3-4007-AEA4-8B54123CF1BE}.Release|Any CPU.Build.0 = Release|Any CPU
		{05B0B58F-1200-483B-A4B8-19C707EEDE68}.Debug|Any CPU.ActiveCfg = Debug|Any CPU
		{05B0B58F-1200-483B-A4B8-19C707EEDE68}.Debug|Any CPU.Build.0 = Debug|Any CPU
		{05B0B58F-1200-483B-A4B8-19C707EEDE68}.Release|Any CPU.ActiveCfg = Release|Any CPU
		{05B0B58F-1200-483B-A4B8-19C707EEDE68}.Release|Any CPU.Build.0 = Release|Any CPU
		{948A0493-8B30-41E3-A75A-9985F6A82AF1}.Debug|Any CPU.ActiveCfg = Debug|Any CPU
		{948A0493-8B30-41E3-A75A-9985F6A82AF1}.Debug|Any CPU.Build.0 = Debug|Any CPU
		{948A0493-8B30-41E3-A75A-9985F6A82AF1}.Release|Any CPU.ActiveCfg = Release|Any CPU
		{948A0493-8B30-41E3-A75A-9985F6A82AF1}.Release|Any CPU.Build.0 = Release|Any CPU
	EndGlobalSection
	GlobalSection(SolutionProperties) = preSolution
		HideSolutionNode = FALSE
	EndGlobalSection
EndGlobal
