
Microsoft Visual Studio Solution File, Format Version 12.00
# Visual Studio 14
VisualStudioVersion = 14.0.25420.1
MinimumVisualStudioVersion = 10.0.40219.1
Project("{FAE04EC0-301F-11D3-BF4B-00C04F79EFBC}") = "ReverseAString", "ReverseAString\ReverseAString.csproj", "{FE0426DF-1490-409B-B55B-CF3D55592A44}"
EndProject
Project("{FAE04EC0-301F-11D3-BF4B-00C04F79EFBC}") = "StartUp", "StartUp\StartUp.csproj", "{8196CF88-3BDE-4B50-853D-D5EA99DC8A89}"
EndProject
Project("{FAE04EC0-301F-11D3-BF4B-00C04F79EFBC}") = "UnitTesting", "UnitTesting\UnitTesting.csproj", "{3819780C-1FA6-48BF-9BFB-2D6249075990}"
EndProject
Project("{FAE04EC0-301F-11D3-BF4B-00C04F79EFBC}") = "Messages", "Messages\Messages.csproj", "{B0255A24-8619-4009-9ECD-2D2741305F08}"
EndProject
Global
	GlobalSection(SolutionConfigurationPlatforms) = preSolution
		Debug|Any CPU = Debug|Any CPU
		Release|Any CPU = Release|Any CPU
	EndGlobalSection
	GlobalSection(ProjectConfigurationPlatforms) = postSolution
		{FE0426DF-1490-409B-B55B-CF3D55592A44}.Debug|Any CPU.ActiveCfg = Debug|Any CPU
		{FE0426DF-1490-409B-B55B-CF3D55592A44}.Debug|Any CPU.Build.0 = Debug|Any CPU
		{FE0426DF-1490-409B-B55B-CF3D55592A44}.Release|Any CPU.ActiveCfg = Release|Any CPU
		{FE0426DF-1490-409B-B55B-CF3D55592A44}.Release|Any CPU.Build.0 = Release|Any CPU
		{8196CF88-3BDE-4B50-853D-D5EA99DC8A89}.Debug|Any CPU.ActiveCfg = Debug|Any CPU
		{8196CF88-3BDE-4B50-853D-D5EA99DC8A89}.Debug|Any CPU.Build.0 = Debug|Any CPU
		{8196CF88-3BDE-4B50-853D-D5EA99DC8A89}.Release|Any CPU.ActiveCfg = Release|Any CPU
		{8196CF88-3BDE-4B50-853D-D5EA99DC8A89}.Release|Any CPU.Build.0 = Release|Any CPU
		{3819780C-1FA6-48BF-9BFB-2D6249075990}.Debug|Any CPU.ActiveCfg = Debug|Any CPU
		{3819780C-1FA6-48BF-9BFB-2D6249075990}.Debug|Any CPU.Build.0 = Debug|Any CPU
		{3819780C-1FA6-48BF-9BFB-2D6249075990}.Release|Any CPU.ActiveCfg = Release|Any CPU
		{3819780C-1FA6-48BF-9BFB-2D6249075990}.Release|Any CPU.Build.0 = Release|Any CPU
		{B0255A24-8619-4009-9ECD-2D2741305F08}.Debug|Any CPU.ActiveCfg = Debug|Any CPU
		{B0255A24-8619-4009-9ECD-2D2741305F08}.Debug|Any CPU.Build.0 = Debug|Any CPU
		{B0255A24-8619-4009-9ECD-2D2741305F08}.Release|Any CPU.ActiveCfg = Release|Any CPU
		{B0255A24-8619-4009-9ECD-2D2741305F08}.Release|Any CPU.Build.0 = Release|Any CPU
	EndGlobalSection
	GlobalSection(SolutionProperties) = preSolution
		HideSolutionNode = FALSE
	EndGlobalSection
EndGlobal
