
Microsoft Visual Studio Solution File, Format Version 12.00
# Visual Studio 14
VisualStudioVersion = 14.0.25420.1
MinimumVisualStudioVersion = 10.0.40219.1
Project("{FAE04EC0-301F-11D3-BF4B-00C04F79EFBC}") = "Make_Bricks", "Make_Bricks\Make_Bricks.csproj", "{8A9150E1-FE4E-47C2-908A-3B8FE4E979EE}"
EndProject
Project("{FAE04EC0-301F-11D3-BF4B-00C04F79EFBC}") = "StartUp", "StartUp\StartUp.csproj", "{47A507D8-CFF4-4D45-A765-DBC4A341E6E3}"
EndProject
Project("{FAE04EC0-301F-11D3-BF4B-00C04F79EFBC}") = "Make_Bricks_Messages", "Make_Bricks_Messages\Make_Bricks_Messages.csproj", "{8FE53FA0-3138-4E48-BC6B-3D53C4C64A03}"
EndProject
Project("{FAE04EC0-301F-11D3-BF4B-00C04F79EFBC}") = "Make_Bricks_Tests", "Make_Bricks_Tests\Make_Bricks_Tests.csproj", "{ED9D8A04-2B98-499A-B043-2DCD5CCF72FA}"
EndProject
Global
	GlobalSection(SolutionConfigurationPlatforms) = preSolution
		Debug|Any CPU = Debug|Any CPU
		Release|Any CPU = Release|Any CPU
	EndGlobalSection
	GlobalSection(ProjectConfigurationPlatforms) = postSolution
		{8A9150E1-FE4E-47C2-908A-3B8FE4E979EE}.Debug|Any CPU.ActiveCfg = Debug|Any CPU
		{8A9150E1-FE4E-47C2-908A-3B8FE4E979EE}.Debug|Any CPU.Build.0 = Debug|Any CPU
		{8A9150E1-FE4E-47C2-908A-3B8FE4E979EE}.Release|Any CPU.ActiveCfg = Release|Any CPU
		{8A9150E1-FE4E-47C2-908A-3B8FE4E979EE}.Release|Any CPU.Build.0 = Release|Any CPU
		{47A507D8-CFF4-4D45-A765-DBC4A341E6E3}.Debug|Any CPU.ActiveCfg = Debug|Any CPU
		{47A507D8-CFF4-4D45-A765-DBC4A341E6E3}.Debug|Any CPU.Build.0 = Debug|Any CPU
		{47A507D8-CFF4-4D45-A765-DBC4A341E6E3}.Release|Any CPU.ActiveCfg = Release|Any CPU
		{47A507D8-CFF4-4D45-A765-DBC4A341E6E3}.Release|Any CPU.Build.0 = Release|Any CPU
		{8FE53FA0-3138-4E48-BC6B-3D53C4C64A03}.Debug|Any CPU.ActiveCfg = Debug|Any CPU
		{8FE53FA0-3138-4E48-BC6B-3D53C4C64A03}.Debug|Any CPU.Build.0 = Debug|Any CPU
		{8FE53FA0-3138-4E48-BC6B-3D53C4C64A03}.Release|Any CPU.ActiveCfg = Release|Any CPU
		{8FE53FA0-3138-4E48-BC6B-3D53C4C64A03}.Release|Any CPU.Build.0 = Release|Any CPU
		{ED9D8A04-2B98-499A-B043-2DCD5CCF72FA}.Debug|Any CPU.ActiveCfg = Debug|Any CPU
		{ED9D8A04-2B98-499A-B043-2DCD5CCF72FA}.Debug|Any CPU.Build.0 = Debug|Any CPU
		{ED9D8A04-2B98-499A-B043-2DCD5CCF72FA}.Release|Any CPU.ActiveCfg = Release|Any CPU
		{ED9D8A04-2B98-499A-B043-2DCD5CCF72FA}.Release|Any CPU.Build.0 = Release|Any CPU
	EndGlobalSection
	GlobalSection(SolutionProperties) = preSolution
		HideSolutionNode = FALSE
	EndGlobalSection
EndGlobal
