
Microsoft Visual Studio Solution File, Format Version 12.00
# Visual Studio 14
VisualStudioVersion = 14.0.25420.1
MinimumVisualStudioVersion = 10.0.40219.1
Project("{FAE04EC0-301F-11D3-BF4B-00C04F79EFBC}") = "Median", "Median\Median.csproj", "{B68F1E7A-F0AD-4BA8-9430-F65590A14D1C}"
EndProject
Project("{FAE04EC0-301F-11D3-BF4B-00C04F79EFBC}") = "StartUp", "StartUp\StartUp.csproj", "{2B671601-DB4C-4668-B64B-CDE0F7C62916}"
EndProject
Project("{FAE04EC0-301F-11D3-BF4B-00C04F79EFBC}") = "Median_Messages", "Median_Messages\Median_Messages.csproj", "{7229F914-1225-4149-8EB4-499CD9C2CCE3}"
EndProject
Project("{FAE04EC0-301F-11D3-BF4B-00C04F79EFBC}") = "Median_Tests", "Median_Tests\Median_Tests.csproj", "{D0CE9F87-7FE4-4F9A-A7EF-FD7F7A9477D0}"
EndProject
Global
	GlobalSection(SolutionConfigurationPlatforms) = preSolution
		Debug|Any CPU = Debug|Any CPU
		Release|Any CPU = Release|Any CPU
	EndGlobalSection
	GlobalSection(ProjectConfigurationPlatforms) = postSolution
		{B68F1E7A-F0AD-4BA8-9430-F65590A14D1C}.Debug|Any CPU.ActiveCfg = Debug|Any CPU
		{B68F1E7A-F0AD-4BA8-9430-F65590A14D1C}.Debug|Any CPU.Build.0 = Debug|Any CPU
		{B68F1E7A-F0AD-4BA8-9430-F65590A14D1C}.Release|Any CPU.ActiveCfg = Release|Any CPU
		{B68F1E7A-F0AD-4BA8-9430-F65590A14D1C}.Release|Any CPU.Build.0 = Release|Any CPU
		{2B671601-DB4C-4668-B64B-CDE0F7C62916}.Debug|Any CPU.ActiveCfg = Debug|Any CPU
		{2B671601-DB4C-4668-B64B-CDE0F7C62916}.Debug|Any CPU.Build.0 = Debug|Any CPU
		{2B671601-DB4C-4668-B64B-CDE0F7C62916}.Release|Any CPU.ActiveCfg = Release|Any CPU
		{2B671601-DB4C-4668-B64B-CDE0F7C62916}.Release|Any CPU.Build.0 = Release|Any CPU
		{7229F914-1225-4149-8EB4-499CD9C2CCE3}.Debug|Any CPU.ActiveCfg = Debug|Any CPU
		{7229F914-1225-4149-8EB4-499CD9C2CCE3}.Debug|Any CPU.Build.0 = Debug|Any CPU
		{7229F914-1225-4149-8EB4-499CD9C2CCE3}.Release|Any CPU.ActiveCfg = Release|Any CPU
		{7229F914-1225-4149-8EB4-499CD9C2CCE3}.Release|Any CPU.Build.0 = Release|Any CPU
		{D0CE9F87-7FE4-4F9A-A7EF-FD7F7A9477D0}.Debug|Any CPU.ActiveCfg = Debug|Any CPU
		{D0CE9F87-7FE4-4F9A-A7EF-FD7F7A9477D0}.Debug|Any CPU.Build.0 = Debug|Any CPU
		{D0CE9F87-7FE4-4F9A-A7EF-FD7F7A9477D0}.Release|Any CPU.ActiveCfg = Release|Any CPU
		{D0CE9F87-7FE4-4F9A-A7EF-FD7F7A9477D0}.Release|Any CPU.Build.0 = Release|Any CPU
	EndGlobalSection
	GlobalSection(SolutionProperties) = preSolution
		HideSolutionNode = FALSE
	EndGlobalSection
EndGlobal
