
Microsoft Visual Studio Solution File, Format Version 12.00
# Visual Studio 14
VisualStudioVersion = 14.0.25420.1
MinimumVisualStudioVersion = 10.0.40219.1
Project("{FAE04EC0-301F-11D3-BF4B-00C04F79EFBC}") = "Consonant_Count", "Consonant_Count\Consonant_Count.csproj", "{6A8BD8AB-3708-4018-BE56-7C8EB84308CD}"
EndProject
Project("{FAE04EC0-301F-11D3-BF4B-00C04F79EFBC}") = "StartUp", "StartUp\StartUp.csproj", "{178DEDE8-55D5-4092-87DC-A91D6F0B48C7}"
EndProject
Project("{FAE04EC0-301F-11D3-BF4B-00C04F79EFBC}") = "Consonant_Count_Messages", "Consonant_Count_Messages\Consonant_Count_Messages.csproj", "{E8E69E19-34C6-4A3F-89BC-D941CFBB8718}"
EndProject
Project("{FAE04EC0-301F-11D3-BF4B-00C04F79EFBC}") = "Consonant_Count_Tests", "Consonant_Count_Tests\Consonant_Count_Tests.csproj", "{C818B676-6481-4803-9587-DC4D936CAD70}"
EndProject
Global
	GlobalSection(SolutionConfigurationPlatforms) = preSolution
		Debug|Any CPU = Debug|Any CPU
		Release|Any CPU = Release|Any CPU
	EndGlobalSection
	GlobalSection(ProjectConfigurationPlatforms) = postSolution
		{6A8BD8AB-3708-4018-BE56-7C8EB84308CD}.Debug|Any CPU.ActiveCfg = Debug|Any CPU
		{6A8BD8AB-3708-4018-BE56-7C8EB84308CD}.Debug|Any CPU.Build.0 = Debug|Any CPU
		{6A8BD8AB-3708-4018-BE56-7C8EB84308CD}.Release|Any CPU.ActiveCfg = Release|Any CPU
		{6A8BD8AB-3708-4018-BE56-7C8EB84308CD}.Release|Any CPU.Build.0 = Release|Any CPU
		{178DEDE8-55D5-4092-87DC-A91D6F0B48C7}.Debug|Any CPU.ActiveCfg = Debug|Any CPU
		{178DEDE8-55D5-4092-87DC-A91D6F0B48C7}.Debug|Any CPU.Build.0 = Debug|Any CPU
		{178DEDE8-55D5-4092-87DC-A91D6F0B48C7}.Release|Any CPU.ActiveCfg = Release|Any CPU
		{178DEDE8-55D5-4092-87DC-A91D6F0B48C7}.Release|Any CPU.Build.0 = Release|Any CPU
		{E8E69E19-34C6-4A3F-89BC-D941CFBB8718}.Debug|Any CPU.ActiveCfg = Debug|Any CPU
		{E8E69E19-34C6-4A3F-89BC-D941CFBB8718}.Debug|Any CPU.Build.0 = Debug|Any CPU
		{E8E69E19-34C6-4A3F-89BC-D941CFBB8718}.Release|Any CPU.ActiveCfg = Release|Any CPU
		{E8E69E19-34C6-4A3F-89BC-D941CFBB8718}.Release|Any CPU.Build.0 = Release|Any CPU
		{C818B676-6481-4803-9587-DC4D936CAD70}.Debug|Any CPU.ActiveCfg = Debug|Any CPU
		{C818B676-6481-4803-9587-DC4D936CAD70}.Debug|Any CPU.Build.0 = Debug|Any CPU
		{C818B676-6481-4803-9587-DC4D936CAD70}.Release|Any CPU.ActiveCfg = Release|Any CPU
		{C818B676-6481-4803-9587-DC4D936CAD70}.Release|Any CPU.Build.0 = Release|Any CPU
	EndGlobalSection
	GlobalSection(SolutionProperties) = preSolution
		HideSolutionNode = FALSE
	EndGlobalSection
EndGlobal
