
Microsoft Visual Studio Solution File, Format Version 12.00
# Visual Studio 14
VisualStudioVersion = 14.0.25420.1
MinimumVisualStudioVersion = 10.0.40219.1
Project("{FAE04EC0-301F-11D3-BF4B-00C04F79EFBC}") = "Jupiter", "Jupiter\Jupiter.csproj", "{F96962DC-5CDC-4BE8-B8BF-CF25B28EEE0D}"
EndProject
Project("{FAE04EC0-301F-11D3-BF4B-00C04F79EFBC}") = "StartUp", "StartUp\StartUp.csproj", "{31920CE5-3382-4B37-8289-4C11054F5427}"
EndProject
Project("{FAE04EC0-301F-11D3-BF4B-00C04F79EFBC}") = "Jupiter_Messages", "Jupiter_Messages\Jupiter_Messages.csproj", "{172ADF63-735C-4C7A-8874-08069EC905CA}"
EndProject
Project("{FAE04EC0-301F-11D3-BF4B-00C04F79EFBC}") = "Jupiter_Tests", "Jupiter_Tests\Jupiter_Tests.csproj", "{69F6CE31-8146-4878-9F76-9895BB9B37EB}"
EndProject
Global
	GlobalSection(SolutionConfigurationPlatforms) = preSolution
		Debug|Any CPU = Debug|Any CPU
		Release|Any CPU = Release|Any CPU
	EndGlobalSection
	GlobalSection(ProjectConfigurationPlatforms) = postSolution
		{F96962DC-5CDC-4BE8-B8BF-CF25B28EEE0D}.Debug|Any CPU.ActiveCfg = Debug|Any CPU
		{F96962DC-5CDC-4BE8-B8BF-CF25B28EEE0D}.Debug|Any CPU.Build.0 = Debug|Any CPU
		{F96962DC-5CDC-4BE8-B8BF-CF25B28EEE0D}.Release|Any CPU.ActiveCfg = Release|Any CPU
		{F96962DC-5CDC-4BE8-B8BF-CF25B28EEE0D}.Release|Any CPU.Build.0 = Release|Any CPU
		{31920CE5-3382-4B37-8289-4C11054F5427}.Debug|Any CPU.ActiveCfg = Debug|Any CPU
		{31920CE5-3382-4B37-8289-4C11054F5427}.Debug|Any CPU.Build.0 = Debug|Any CPU
		{31920CE5-3382-4B37-8289-4C11054F5427}.Release|Any CPU.ActiveCfg = Release|Any CPU
		{31920CE5-3382-4B37-8289-4C11054F5427}.Release|Any CPU.Build.0 = Release|Any CPU
		{172ADF63-735C-4C7A-8874-08069EC905CA}.Debug|Any CPU.ActiveCfg = Debug|Any CPU
		{172ADF63-735C-4C7A-8874-08069EC905CA}.Debug|Any CPU.Build.0 = Debug|Any CPU
		{172ADF63-735C-4C7A-8874-08069EC905CA}.Release|Any CPU.ActiveCfg = Release|Any CPU
		{172ADF63-735C-4C7A-8874-08069EC905CA}.Release|Any CPU.Build.0 = Release|Any CPU
		{69F6CE31-8146-4878-9F76-9895BB9B37EB}.Debug|Any CPU.ActiveCfg = Debug|Any CPU
		{69F6CE31-8146-4878-9F76-9895BB9B37EB}.Debug|Any CPU.Build.0 = Debug|Any CPU
		{69F6CE31-8146-4878-9F76-9895BB9B37EB}.Release|Any CPU.ActiveCfg = Release|Any CPU
		{69F6CE31-8146-4878-9F76-9895BB9B37EB}.Release|Any CPU.Build.0 = Release|Any CPU
	EndGlobalSection
	GlobalSection(SolutionProperties) = preSolution
		HideSolutionNode = FALSE
	EndGlobalSection
EndGlobal
