
Microsoft Visual Studio Solution File, Format Version 12.00
# Visual Studio 14
VisualStudioVersion = 14.0.25420.1
MinimumVisualStudioVersion = 10.0.40219.1
Project("{FAE04EC0-301F-11D3-BF4B-00C04F79EFBC}") = "Second_Half", "Second_Half\Second_Half.csproj", "{197E18F5-7D0F-428E-81EA-1FCC7691BDEA}"
EndProject
Project("{FAE04EC0-301F-11D3-BF4B-00C04F79EFBC}") = "StartUp", "StartUp\StartUp.csproj", "{CD5E245F-3C51-4E55-BDCA-590AFDB42459}"
EndProject
Project("{FAE04EC0-301F-11D3-BF4B-00C04F79EFBC}") = "Second_Half_Messages", "Second_Half_Messages\Second_Half_Messages.csproj", "{6026491D-912B-48E9-8550-00E66F0FB754}"
EndProject
Project("{FAE04EC0-301F-11D3-BF4B-00C04F79EFBC}") = "Second_Half_Tests", "Second_Half_Tests\Second_Half_Tests.csproj", "{77AD5C89-030E-481E-867F-DFA233BD0A5D}"
EndProject
Global
	GlobalSection(SolutionConfigurationPlatforms) = preSolution
		Debug|Any CPU = Debug|Any CPU
		Release|Any CPU = Release|Any CPU
	EndGlobalSection
	GlobalSection(ProjectConfigurationPlatforms) = postSolution
		{197E18F5-7D0F-428E-81EA-1FCC7691BDEA}.Debug|Any CPU.ActiveCfg = Debug|Any CPU
		{197E18F5-7D0F-428E-81EA-1FCC7691BDEA}.Debug|Any CPU.Build.0 = Debug|Any CPU
		{197E18F5-7D0F-428E-81EA-1FCC7691BDEA}.Release|Any CPU.ActiveCfg = Release|Any CPU
		{197E18F5-7D0F-428E-81EA-1FCC7691BDEA}.Release|Any CPU.Build.0 = Release|Any CPU
		{CD5E245F-3C51-4E55-BDCA-590AFDB42459}.Debug|Any CPU.ActiveCfg = Debug|Any CPU
		{CD5E245F-3C51-4E55-BDCA-590AFDB42459}.Debug|Any CPU.Build.0 = Debug|Any CPU
		{CD5E245F-3C51-4E55-BDCA-590AFDB42459}.Release|Any CPU.ActiveCfg = Release|Any CPU
		{CD5E245F-3C51-4E55-BDCA-590AFDB42459}.Release|Any CPU.Build.0 = Release|Any CPU
		{6026491D-912B-48E9-8550-00E66F0FB754}.Debug|Any CPU.ActiveCfg = Debug|Any CPU
		{6026491D-912B-48E9-8550-00E66F0FB754}.Debug|Any CPU.Build.0 = Debug|Any CPU
		{6026491D-912B-48E9-8550-00E66F0FB754}.Release|Any CPU.ActiveCfg = Release|Any CPU
		{6026491D-912B-48E9-8550-00E66F0FB754}.Release|Any CPU.Build.0 = Release|Any CPU
		{77AD5C89-030E-481E-867F-DFA233BD0A5D}.Debug|Any CPU.ActiveCfg = Debug|Any CPU
		{77AD5C89-030E-481E-867F-DFA233BD0A5D}.Debug|Any CPU.Build.0 = Debug|Any CPU
		{77AD5C89-030E-481E-867F-DFA233BD0A5D}.Release|Any CPU.ActiveCfg = Release|Any CPU
		{77AD5C89-030E-481E-867F-DFA233BD0A5D}.Release|Any CPU.Build.0 = Release|Any CPU
	EndGlobalSection
	GlobalSection(SolutionProperties) = preSolution
		HideSolutionNode = FALSE
	EndGlobalSection
EndGlobal
